// !$*UTF8*$!
{
	archiveVersion = 1;
	classes = {
	};
	objectVersion = 50;
	objects = {

/* Begin PBXBuildFile section */
		3236855F229E16C200B923EF /* WGEarthAniViewController.m in Sources */ = {isa = PBXBuildFile; fileRef = 3236855E229E16C200B923EF /* WGEarthAniViewController.m */; };
		32368562229E16DA00B923EF /* sun.png in Resources */ = {isa = PBXBuildFile; fileRef = 32368560229E16DA00B923EF /* sun.png */; };
		32368563229E16DA00B923EF /* earth.png in Resources */ = {isa = PBXBuildFile; fileRef = 32368561229E16DA00B923EF /* earth.png */; };
		32368566229E16F400B923EF /* WGReplicatorViewController.m in Sources */ = {isa = PBXBuildFile; fileRef = 32368565229E16F400B923EF /* WGReplicatorViewController.m */; };
		32470C822294E58200A62235 /* AppDelegate.m in Sources */ = {isa = PBXBuildFile; fileRef = 32470C812294E58200A62235 /* AppDelegate.m */; };
		32470C8A2294E58300A62235 /* Assets.xcassets in Resources */ = {isa = PBXBuildFile; fileRef = 32470C892294E58300A62235 /* Assets.xcassets */; };
		32470C8D2294E58300A62235 /* LaunchScreen.storyboard in Resources */ = {isa = PBXBuildFile; fileRef = 32470C8B2294E58300A62235 /* LaunchScreen.storyboard */; };
		32470C902294E58400A62235 /* main.m in Sources */ = {isa = PBXBuildFile; fileRef = 32470C8F2294E58300A62235 /* main.m */; };
		32470C9A2294E58400A62235 /* WGOCCoreAnimationTests.m in Sources */ = {isa = PBXBuildFile; fileRef = 32470C992294E58400A62235 /* WGOCCoreAnimationTests.m */; };
		32470CA52294E58400A62235 /* WGOCCoreAnimationUITests.m in Sources */ = {isa = PBXBuildFile; fileRef = 32470CA42294E58400A62235 /* WGOCCoreAnimationUITests.m */; };
		32470CB62294E64C00A62235 /* UIView+WGFrame.m in Sources */ = {isa = PBXBuildFile; fileRef = 32470CB42294E64C00A62235 /* UIView+WGFrame.m */; };
		32470CBA2294E74E00A62235 /* ViewController.m in Sources */ = {isa = PBXBuildFile; fileRef = 32470CB92294E74E00A62235 /* ViewController.m */; };
		32470CBE2294E97400A62235 /* WGCALayerAnimationViewController.m in Sources */ = {isa = PBXBuildFile; fileRef = 32470CBD2294E97400A62235 /* WGCALayerAnimationViewController.m */; };
		32470CC22295250F00A62235 /* WGWaterWaveBtnViewController.m in Sources */ = {isa = PBXBuildFile; fileRef = 32470CC12295250F00A62235 /* WGWaterWaveBtnViewController.m */; };
		32470CC52295253000A62235 /* WGWaterWaveBtn.m in Sources */ = {isa = PBXBuildFile; fileRef = 32470CC42295253000A62235 /* WGWaterWaveBtn.m */; };
		32470CC92295325100A62235 /* WGCircleBtnAniViewController.m in Sources */ = {isa = PBXBuildFile; fileRef = 32470CC82295325100A62235 /* WGCircleBtnAniViewController.m */; };
		32470CCC2295327C00A62235 /* WGButtnAniView.m in Sources */ = {isa = PBXBuildFile; fileRef = 32470CCB2295327C00A62235 /* WGButtnAniView.m */; };
		32470CCF2295329300A62235 /* WGCircleAniView.m in Sources */ = {isa = PBXBuildFile; fileRef = 32470CCE2295329300A62235 /* WGCircleAniView.m */; };
		325C7C61229B905A00E3458A /* WGBeatAniViewController.m in Sources */ = {isa = PBXBuildFile; fileRef = 325C7C60229B905A00E3458A /* WGBeatAniViewController.m */; };
		325C7C65229BD3C700E3458A /* WGChartAniViewController.m in Sources */ = {isa = PBXBuildFile; fileRef = 325C7C64229BD3C700E3458A /* WGChartAniViewController.m */; };
		325C7C68229BD3E100E3458A /* WGLineChartView.m in Sources */ = {isa = PBXBuildFile; fileRef = 325C7C67229BD3E100E3458A /* WGLineChartView.m */; };
		325C7C6B229BD41B00E3458A /* WGBarChartView.m in Sources */ = {isa = PBXBuildFile; fileRef = 325C7C6A229BD41B00E3458A /* WGBarChartView.m */; };
		3260C8412297967E00CD840F /* WGScanAniViewController.m in Sources */ = {isa = PBXBuildFile; fileRef = 3260C8402297967E00CD840F /* WGScanAniViewController.m */; };
		3281516722968F75001879EB /* WGFireAniViewController.m in Sources */ = {isa = PBXBuildFile; fileRef = 3281516622968F75001879EB /* WGFireAniViewController.m */; };
		3281516922968F88001879EB /* fire.png in Resources */ = {isa = PBXBuildFile; fileRef = 3281516822968F88001879EB /* fire.png */; };
		3281516B22968F98001879EB /* snow.png in Resources */ = {isa = PBXBuildFile; fileRef = 3281516A22968F98001879EB /* snow.png */; };
		3281516D22968FA1001879EB /* nenolight.png in Resources */ = {isa = PBXBuildFile; fileRef = 3281516C22968FA1001879EB /* nenolight.png */; };
		3281517022968FC6001879EB /* WGNeonAniViewController.m in Sources */ = {isa = PBXBuildFile; fileRef = 3281516F22968FC6001879EB /* WGNeonAniViewController.m */; };
		3281517322968FDF001879EB /* WGSnowAniViewController.m in Sources */ = {isa = PBXBuildFile; fileRef = 3281517222968FDF001879EB /* WGSnowAniViewController.m */; };
/* End PBXBuildFile section */

/* Begin PBXContainerItemProxy section */
		32470C962294E58400A62235 /* PBXContainerItemProxy */ = {
			isa = PBXContainerItemProxy;
			containerPortal = 32470C752294E58200A62235 /* Project object */;
			proxyType = 1;
			remoteGlobalIDString = 32470C7C2294E58200A62235;
			remoteInfo = WGOCCoreAnimation;
		};
		32470CA12294E58400A62235 /* PBXContainerItemProxy */ = {
			isa = PBXContainerItemProxy;
			containerPortal = 32470C752294E58200A62235 /* Project object */;
			proxyType = 1;
			remoteGlobalIDString = 32470C7C2294E58200A62235;
			remoteInfo = WGOCCoreAnimation;
		};
/* End PBXContainerItemProxy section */

/* Begin PBXFileReference section */
		3236855D229E16C200B923EF /* WGEarthAniViewController.h */ = {isa = PBXFileReference; lastKnownFileType = sourcecode.c.h; path = WGEarthAniViewController.h; sourceTree = "<group>"; };
		3236855E229E16C200B923EF /* WGEarthAniViewController.m */ = {isa = PBXFileReference; lastKnownFileType = sourcecode.c.objc; path = WGEarthAniViewController.m; sourceTree = "<group>"; };
		32368560229E16DA00B923EF /* sun.png */ = {isa = PBXFileReference; lastKnownFileType = image.png; name = sun.png; path = "../../../../../../Swift/内容层动画/WGCoreAnimation/WGCoreAnimation/CAReplicatorLayer动画/地球公转/sun.png"; sourceTree = "<group>"; };
		32368561229E16DA00B923EF /* earth.png */ = {isa = PBXFileReference; lastKnownFileType = image.png; name = earth.png; path = "../../../../../../Swift/内容层动画/WGCoreAnimation/WGCoreAnimation/CAReplicatorLayer动画/地球公转/earth.png"; sourceTree = "<group>"; };
		32368564229E16F400B923EF /* WGReplicatorViewController.h */ = {isa = PBXFileReference; lastKnownFileType = sourcecode.c.h; path = WGReplicatorViewController.h; sourceTree = "<group>"; };
		32368565229E16F400B923EF /* WGReplicatorViewController.m */ = {isa = PBXFileReference; lastKnownFileType = sourcecode.c.objc; path = WGReplicatorViewController.m; sourceTree = "<group>"; };
		32470C7D2294E58200A62235 /* WGOCCoreAnimation.app */ = {isa = PBXFileReference; explicitFileType = wrapper.application; includeInIndex = 0; path = WGOCCoreAnimation.app; sourceTree = BUILT_PRODUCTS_DIR; };
		32470C802294E58200A62235 /* AppDelegate.h */ = {isa = PBXFileReference; lastKnownFileType = sourcecode.c.h; path = AppDelegate.h; sourceTree = "<group>"; };
		32470C812294E58200A62235 /* AppDelegate.m */ = {isa = PBXFileReference; lastKnownFileType = sourcecode.c.objc; path = AppDelegate.m; sourceTree = "<group>"; };
		32470C892294E58300A62235 /* Assets.xcassets */ = {isa = PBXFileReference; lastKnownFileType = folder.assetcatalog; path = Assets.xcassets; sourceTree = "<group>"; };
		32470C8C2294E58300A62235 /* Base */ = {isa = PBXFileReference; lastKnownFileType = file.storyboard; name = Base; path = Base.lproj/LaunchScreen.storyboard; sourceTree = "<group>"; };
		32470C8E2294E58300A62235 /* Info.plist */ = {isa = PBXFileReference; lastKnownFileType = text.plist.xml; path = Info.plist; sourceTree = "<group>"; };
		32470C8F2294E58300A62235 /* main.m */ = {isa = PBXFileReference; lastKnownFileType = sourcecode.c.objc; path = main.m; sourceTree = "<group>"; };
		32470C952294E58400A62235 /* WGOCCoreAnimationTests.xctest */ = {isa = PBXFileReference; explicitFileType = wrapper.cfbundle; includeInIndex = 0; path = WGOCCoreAnimationTests.xctest; sourceTree = BUILT_PRODUCTS_DIR; };
		32470C992294E58400A62235 /* WGOCCoreAnimationTests.m */ = {isa = PBXFileReference; lastKnownFileType = sourcecode.c.objc; path = WGOCCoreAnimationTests.m; sourceTree = "<group>"; };
		32470C9B2294E58400A62235 /* Info.plist */ = {isa = PBXFileReference; lastKnownFileType = text.plist.xml; path = Info.plist; sourceTree = "<group>"; };
		32470CA02294E58400A62235 /* WGOCCoreAnimationUITests.xctest */ = {isa = PBXFileReference; explicitFileType = wrapper.cfbundle; includeInIndex = 0; path = WGOCCoreAnimationUITests.xctest; sourceTree = BUILT_PRODUCTS_DIR; };
		32470CA42294E58400A62235 /* WGOCCoreAnimationUITests.m */ = {isa = PBXFileReference; lastKnownFileType = sourcecode.c.objc; path = WGOCCoreAnimationUITests.m; sourceTree = "<group>"; };
		32470CA62294E58400A62235 /* Info.plist */ = {isa = PBXFileReference; lastKnownFileType = text.plist.xml; path = Info.plist; sourceTree = "<group>"; };
		32470CB32294E64C00A62235 /* WGGlobDefine.h */ = {isa = PBXFileReference; fileEncoding = 4; lastKnownFileType = sourcecode.c.h; name = WGGlobDefine.h; path = "../../../../显示层动画/WGOCAnimationPrimary/WGOCAnimationPrimary/Main/WGGlobDefine.h"; sourceTree = "<group>"; };
		32470CB42294E64C00A62235 /* UIView+WGFrame.m */ = {isa = PBXFileReference; fileEncoding = 4; lastKnownFileType = sourcecode.c.objc; name = "UIView+WGFrame.m"; path = "../../../../显示层动画/WGOCAnimationPrimary/WGOCAnimationPrimary/Main/UIView+WGFrame.m"; sourceTree = "<group>"; };
		32470CB52294E64C00A62235 /* UIView+WGFrame.h */ = {isa = PBXFileReference; fileEncoding = 4; lastKnownFileType = sourcecode.c.h; name = "UIView+WGFrame.h"; path = "../../../../显示层动画/WGOCAnimationPrimary/WGOCAnimationPrimary/Main/UIView+WGFrame.h"; sourceTree = "<group>"; };
		32470CB72294E67D00A62235 /* WGOCCoreAnimationHeader.pch */ = {isa = PBXFileReference; lastKnownFileType = sourcecode.c.h; path = WGOCCoreAnimationHeader.pch; sourceTree = "<group>"; };
		32470CB82294E74E00A62235 /* ViewController.h */ = {isa = PBXFileReference; fileEncoding = 4; lastKnownFileType = sourcecode.c.h; name = ViewController.h; path = "../../../../显示层动画/WGOCAnimationPrimary/WGOCAnimationPrimary/Main/ViewController.h"; sourceTree = "<group>"; };
		32470CB92294E74E00A62235 /* ViewController.m */ = {isa = PBXFileReference; fileEncoding = 4; lastKnownFileType = sourcecode.c.objc; name = ViewController.m; path = "../../../../显示层动画/WGOCAnimationPrimary/WGOCAnimationPrimary/Main/ViewController.m"; sourceTree = "<group>"; };
		32470CBC2294E97400A62235 /* WGCALayerAnimationViewController.h */ = {isa = PBXFileReference; lastKnownFileType = sourcecode.c.h; path = WGCALayerAnimationViewController.h; sourceTree = "<group>"; };
		32470CBD2294E97400A62235 /* WGCALayerAnimationViewController.m */ = {isa = PBXFileReference; lastKnownFileType = sourcecode.c.objc; path = WGCALayerAnimationViewController.m; sourceTree = "<group>"; };
		32470CC02295250F00A62235 /* WGWaterWaveBtnViewController.h */ = {isa = PBXFileReference; lastKnownFileType = sourcecode.c.h; path = WGWaterWaveBtnViewController.h; sourceTree = "<group>"; };
		32470CC12295250F00A62235 /* WGWaterWaveBtnViewController.m */ = {isa = PBXFileReference; lastKnownFileType = sourcecode.c.objc; path = WGWaterWaveBtnViewController.m; sourceTree = "<group>"; };
		32470CC32295253000A62235 /* WGWaterWaveBtn.h */ = {isa = PBXFileReference; lastKnownFileType = sourcecode.c.h; path = WGWaterWaveBtn.h; sourceTree = "<group>"; };
		32470CC42295253000A62235 /* WGWaterWaveBtn.m */ = {isa = PBXFileReference; lastKnownFileType = sourcecode.c.objc; path = WGWaterWaveBtn.m; sourceTree = "<group>"; };
		32470CC72295325100A62235 /* WGCircleBtnAniViewController.h */ = {isa = PBXFileReference; lastKnownFileType = sourcecode.c.h; path = WGCircleBtnAniViewController.h; sourceTree = "<group>"; };
		32470CC82295325100A62235 /* WGCircleBtnAniViewController.m */ = {isa = PBXFileReference; lastKnownFileType = sourcecode.c.objc; path = WGCircleBtnAniViewController.m; sourceTree = "<group>"; };
		32470CCA2295327C00A62235 /* WGButtnAniView.h */ = {isa = PBXFileReference; lastKnownFileType = sourcecode.c.h; path = WGButtnAniView.h; sourceTree = "<group>"; };
		32470CCB2295327C00A62235 /* WGButtnAniView.m */ = {isa = PBXFileReference; lastKnownFileType = sourcecode.c.objc; path = WGButtnAniView.m; sourceTree = "<group>"; };
		32470CCD2295329300A62235 /* WGCircleAniView.h */ = {isa = PBXFileReference; lastKnownFileType = sourcecode.c.h; path = WGCircleAniView.h; sourceTree = "<group>"; };
		32470CCE2295329300A62235 /* WGCircleAniView.m */ = {isa = PBXFileReference; lastKnownFileType = sourcecode.c.objc; path = WGCircleAniView.m; sourceTree = "<group>"; };
		325C7C5F229B905A00E3458A /* WGBeatAniViewController.h */ = {isa = PBXFileReference; lastKnownFileType = sourcecode.c.h; path = WGBeatAniViewController.h; sourceTree = "<group>"; };
		325C7C60229B905A00E3458A /* WGBeatAniViewController.m */ = {isa = PBXFileReference; lastKnownFileType = sourcecode.c.objc; path = WGBeatAniViewController.m; sourceTree = "<group>"; };
		325C7C63229BD3C700E3458A /* WGChartAniViewController.h */ = {isa = PBXFileReference; lastKnownFileType = sourcecode.c.h; path = WGChartAniViewController.h; sourceTree = "<group>"; };
		325C7C64229BD3C700E3458A /* WGChartAniViewController.m */ = {isa = PBXFileReference; lastKnownFileType = sourcecode.c.objc; path = WGChartAniViewController.m; sourceTree = "<group>"; };
		325C7C66229BD3E100E3458A /* WGLineChartView.h */ = {isa = PBXFileReference; lastKnownFileType = sourcecode.c.h; path = WGLineChartView.h; sourceTree = "<group>"; };
		325C7C67229BD3E100E3458A /* WGLineChartView.m */ = {isa = PBXFileReference; lastKnownFileType = sourcecode.c.objc; path = WGLineChartView.m; sourceTree = "<group>"; };
		325C7C69229BD41B00E3458A /* WGBarChartView.h */ = {isa = PBXFileReference; lastKnownFileType = sourcecode.c.h; path = WGBarChartView.h; sourceTree = "<group>"; };
		325C7C6A229BD41B00E3458A /* WGBarChartView.m */ = {isa = PBXFileReference; lastKnownFileType = sourcecode.c.objc; path = WGBarChartView.m; sourceTree = "<group>"; };
		3260C83F2297967E00CD840F /* WGScanAniViewController.h */ = {isa = PBXFileReference; lastKnownFileType = sourcecode.c.h; path = WGScanAniViewController.h; sourceTree = "<group>"; };
		3260C8402297967E00CD840F /* WGScanAniViewController.m */ = {isa = PBXFileReference; lastKnownFileType = sourcecode.c.objc; path = WGScanAniViewController.m; sourceTree = "<group>"; };
		3281516522968F75001879EB /* WGFireAniViewController.h */ = {isa = PBXFileReference; lastKnownFileType = sourcecode.c.h; path = WGFireAniViewController.h; sourceTree = "<group>"; };
		3281516622968F75001879EB /* WGFireAniViewController.m */ = {isa = PBXFileReference; lastKnownFileType = sourcecode.c.objc; path = WGFireAniViewController.m; sourceTree = "<group>"; };
		3281516822968F88001879EB /* fire.png */ = {isa = PBXFileReference; lastKnownFileType = image.png; name = fire.png; path = "../../../../../../Swift/内容层动画/WGCoreAnimation/WGCoreAnimation/CAEmitterCell粒子动画/大火动画/fire.png"; sourceTree = "<group>"; };
		3281516A22968F98001879EB /* snow.png */ = {isa = PBXFileReference; lastKnownFileType = image.png; name = snow.png; path = "../../../../../../Swift/内容层动画/WGCoreAnimation/WGCoreAnimation/CAEmitterCell粒子动画/大雪效果/snow.png"; sourceTree = "<group>"; };
		3281516C22968FA1001879EB /* nenolight.png */ = {isa = PBXFileReference; lastKnownFileType = image.png; name = nenolight.png; path = "../../../../../../Swift/内容层动画/WGCoreAnimation/WGCoreAnimation/CAEmitterCell粒子动画/霓虹效果/nenolight.png"; sourceTree = "<group>"; };
		3281516E22968FC6001879EB /* WGNeonAniViewController.h */ = {isa = PBXFileReference; lastKnownFileType = sourcecode.c.h; path = WGNeonAniViewController.h; sourceTree = "<group>"; };
		3281516F22968FC6001879EB /* WGNeonAniViewController.m */ = {isa = PBXFileReference; lastKnownFileType = sourcecode.c.objc; path = WGNeonAniViewController.m; sourceTree = "<group>"; };
		3281517122968FDF001879EB /* WGSnowAniViewController.h */ = {isa = PBXFileReference; lastKnownFileType = sourcecode.c.h; path = WGSnowAniViewController.h; sourceTree = "<group>"; };
		3281517222968FDF001879EB /* WGSnowAniViewController.m */ = {isa = PBXFileReference; lastKnownFileType = sourcecode.c.objc; path = WGSnowAniViewController.m; sourceTree = "<group>"; };
/* End PBXFileReference section */

/* Begin PBXFrameworksBuildPhase section */
		32470C7A2294E58200A62235 /* Frameworks */ = {
			isa = PBXFrameworksBuildPhase;
			buildActionMask = 2147483647;
			files = (
			);
			runOnlyForDeploymentPostprocessing = 0;
		};
		32470C922294E58400A62235 /* Frameworks */ = {
			isa = PBXFrameworksBuildPhase;
			buildActionMask = 2147483647;
			files = (
			);
			runOnlyForDeploymentPostprocessing = 0;
		};
		32470C9D2294E58400A62235 /* Frameworks */ = {
			isa = PBXFrameworksBuildPhase;
			buildActionMask = 2147483647;
			files = (
			);
			runOnlyForDeploymentPostprocessing = 0;
		};
/* End PBXFrameworksBuildPhase section */

/* Begin PBXGroup section */
		3236855A229E168E00B923EF /* CAReplicatorLayer动画 */ = {
			isa = PBXGroup;
			children = (
				3236855C229E16A800B923EF /* 跳动的音符 */,
				3236855B229E169300B923EF /* 地球公转 */,
			);
			path = "CAReplicatorLayer动画";
			sourceTree = "<group>";
		};
		3236855B229E169300B923EF /* 地球公转 */ = {
			isa = PBXGroup;
			children = (
				3236855D229E16C200B923EF /* WGEarthAniViewController.h */,
				3236855E229E16C200B923EF /* WGEarthAniViewController.m */,
				32368561229E16DA00B923EF /* earth.png */,
				32368560229E16DA00B923EF /* sun.png */,
			);
			path = "地球公转";
			sourceTree = "<group>";
		};
		3236855C229E16A800B923EF /* 跳动的音符 */ = {
			isa = PBXGroup;
			children = (
				32368564229E16F400B923EF /* WGReplicatorViewController.h */,
				32368565229E16F400B923EF /* WGReplicatorViewController.m */,
			);
			path = "跳动的音符";
			sourceTree = "<group>";
		};
		32470C742294E58200A62235 = {
			isa = PBXGroup;
			children = (
				32470C7F2294E58200A62235 /* WGOCCoreAnimation */,
				32470C982294E58400A62235 /* WGOCCoreAnimationTests */,
				32470CA32294E58400A62235 /* WGOCCoreAnimationUITests */,
				32470C7E2294E58200A62235 /* Products */,
			);
			sourceTree = "<group>";
		};
		32470C7E2294E58200A62235 /* Products */ = {
			isa = PBXGroup;
			children = (
				32470C7D2294E58200A62235 /* WGOCCoreAnimation.app */,
				32470C952294E58400A62235 /* WGOCCoreAnimationTests.xctest */,
				32470CA02294E58400A62235 /* WGOCCoreAnimationUITests.xctest */,
			);
			name = Products;
			sourceTree = "<group>";
		};
		32470C7F2294E58200A62235 /* WGOCCoreAnimation */ = {
			isa = PBXGroup;
			children = (
				3236855A229E168E00B923EF /* CAReplicatorLayer动画 */,
				325C7C62229BD22200E3458A /* CAShapeLayer动画 */,
				3260C83C2297960500CD840F /* CAGradientLayer动画 */,
				3281516122968EFD001879EB /* CAEmitterCell粒子动画 */,
				32470CC62295322A00A62235 /* 渐进圆环效果 */,
				32470CBF229524EE00A62235 /* 水纹动画 */,
				32470CBB2294E94E00A62235 /* 基础和关键帧动画 */,
				32470CB22294E5D600A62235 /* Main */,
				32470C892294E58300A62235 /* Assets.xcassets */,
				32470C8B2294E58300A62235 /* LaunchScreen.storyboard */,
				32470C8E2294E58300A62235 /* Info.plist */,
				32470C8F2294E58300A62235 /* main.m */,
			);
			path = WGOCCoreAnimation;
			sourceTree = "<group>";
		};
		32470C982294E58400A62235 /* WGOCCoreAnimationTests */ = {
			isa = PBXGroup;
			children = (
				32470C992294E58400A62235 /* WGOCCoreAnimationTests.m */,
				32470C9B2294E58400A62235 /* Info.plist */,
			);
			path = WGOCCoreAnimationTests;
			sourceTree = "<group>";
		};
		32470CA32294E58400A62235 /* WGOCCoreAnimationUITests */ = {
			isa = PBXGroup;
			children = (
				32470CA42294E58400A62235 /* WGOCCoreAnimationUITests.m */,
				32470CA62294E58400A62235 /* Info.plist */,
			);
			path = WGOCCoreAnimationUITests;
			sourceTree = "<group>";
		};
		32470CB22294E5D600A62235 /* Main */ = {
			isa = PBXGroup;
			children = (
				32470CB82294E74E00A62235 /* ViewController.h */,
				32470CB92294E74E00A62235 /* ViewController.m */,
				32470CB52294E64C00A62235 /* UIView+WGFrame.h */,
				32470CB42294E64C00A62235 /* UIView+WGFrame.m */,
				32470CB72294E67D00A62235 /* WGOCCoreAnimationHeader.pch */,
				32470CB32294E64C00A62235 /* WGGlobDefine.h */,
				32470C802294E58200A62235 /* AppDelegate.h */,
				32470C812294E58200A62235 /* AppDelegate.m */,
			);
			path = Main;
			sourceTree = "<group>";
		};
		32470CBB2294E94E00A62235 /* 基础和关键帧动画 */ = {
			isa = PBXGroup;
			children = (
				32470CBC2294E97400A62235 /* WGCALayerAnimationViewController.h */,
				32470CBD2294E97400A62235 /* WGCALayerAnimationViewController.m */,
			);
			path = "基础和关键帧动画";
			sourceTree = "<group>";
		};
		32470CBF229524EE00A62235 /* 水纹动画 */ = {
			isa = PBXGroup;
			children = (
				32470CC02295250F00A62235 /* WGWaterWaveBtnViewController.h */,
				32470CC12295250F00A62235 /* WGWaterWaveBtnViewController.m */,
				32470CC32295253000A62235 /* WGWaterWaveBtn.h */,
				32470CC42295253000A62235 /* WGWaterWaveBtn.m */,
			);
			path = "水纹动画";
			sourceTree = "<group>";
		};
		32470CC62295322A00A62235 /* 渐进圆环效果 */ = {
			isa = PBXGroup;
			children = (
				32470CC72295325100A62235 /* WGCircleBtnAniViewController.h */,
				32470CC82295325100A62235 /* WGCircleBtnAniViewController.m */,
				32470CCA2295327C00A62235 /* WGButtnAniView.h */,
				32470CCB2295327C00A62235 /* WGButtnAniView.m */,
				32470CCD2295329300A62235 /* WGCircleAniView.h */,
				32470CCE2295329300A62235 /* WGCircleAniView.m */,
			);
			path = "渐进圆环效果";
			sourceTree = "<group>";
		};
		325C7C62229BD22200E3458A /* CAShapeLayer动画 */ = {
			isa = PBXGroup;
			children = (
				325C7C63229BD3C700E3458A /* WGChartAniViewController.h */,
				325C7C64229BD3C700E3458A /* WGChartAniViewController.m */,
				325C7C66229BD3E100E3458A /* WGLineChartView.h */,
				325C7C67229BD3E100E3458A /* WGLineChartView.m */,
				325C7C69229BD41B00E3458A /* WGBarChartView.h */,
				325C7C6A229BD41B00E3458A /* WGBarChartView.m */,
			);
			path = "CAShapeLayer动画";
			sourceTree = "<group>";
		};
		3260C83C2297960500CD840F /* CAGradientLayer动画 */ = {
			isa = PBXGroup;
			children = (
				3260C83E2297962600CD840F /* 跳动动画 */,
				3260C83D2297961C00CD840F /* 扫描动画 */,
			);
			path = "CAGradientLayer动画";
			sourceTree = "<group>";
		};
		3260C83D2297961C00CD840F /* 扫描动画 */ = {
			isa = PBXGroup;
			children = (
				3260C83F2297967E00CD840F /* WGScanAniViewController.h */,
				3260C8402297967E00CD840F /* WGScanAniViewController.m */,
			);
			path = "扫描动画";
			sourceTree = "<group>";
		};
		3260C83E2297962600CD840F /* 跳动动画 */ = {
			isa = PBXGroup;
			children = (
				325C7C5F229B905A00E3458A /* WGBeatAniViewController.h */,
				325C7C60229B905A00E3458A /* WGBeatAniViewController.m */,
			);
			path = "跳动动画";
			sourceTree = "<group>";
		};
		3281516122968EFD001879EB /* CAEmitterCell粒子动画 */ = {
			isa = PBXGroup;
			children = (
				3281516422968F43001879EB /* 大雪效果 */,
				3281516322968F38001879EB /* 霓虹效果 */,
				3281516222968F27001879EB /* 大火动画 */,
			);
			path = "CAEmitterCell粒子动画";
			sourceTree = "<group>";
		};
		3281516222968F27001879EB /* 大火动画 */ = {
			isa = PBXGroup;
			children = (
				3281516822968F88001879EB /* fire.png */,
				3281516522968F75001879EB /* WGFireAniViewController.h */,
				3281516622968F75001879EB /* WGFireAniViewController.m */,
			);
			path = "大火动画";
			sourceTree = "<group>";
		};
		3281516322968F38001879EB /* 霓虹效果 */ = {
			isa = PBXGroup;
			children = (
				3281516C22968FA1001879EB /* nenolight.png */,
				3281516E22968FC6001879EB /* WGNeonAniViewController.h */,
				3281516F22968FC6001879EB /* WGNeonAniViewController.m */,
			);
			path = "霓虹效果";
			sourceTree = "<group>";
		};
		3281516422968F43001879EB /* 大雪效果 */ = {
			isa = PBXGroup;
			children = (
				3281516A22968F98001879EB /* snow.png */,
				3281517122968FDF001879EB /* WGSnowAniViewController.h */,
				3281517222968FDF001879EB /* WGSnowAniViewController.m */,
			);
			path = "大雪效果";
			sourceTree = "<group>";
		};
/* End PBXGroup section */

/* Begin PBXNativeTarget section */
		32470C7C2294E58200A62235 /* WGOCCoreAnimation */ = {
			isa = PBXNativeTarget;
			buildConfigurationList = 32470CA92294E58400A62235 /* Build configuration list for PBXNativeTarget "WGOCCoreAnimation" */;
			buildPhases = (
				32470C792294E58200A62235 /* Sources */,
				32470C7A2294E58200A62235 /* Frameworks */,
				32470C7B2294E58200A62235 /* Resources */,
			);
			buildRules = (
			);
			dependencies = (
			);
			name = WGOCCoreAnimation;
			productName = WGOCCoreAnimation;
			productReference = 32470C7D2294E58200A62235 /* WGOCCoreAnimation.app */;
			productType = "com.apple.product-type.application";
		};
		32470C942294E58400A62235 /* WGOCCoreAnimationTests */ = {
			isa = PBXNativeTarget;
			buildConfigurationList = 32470CAC2294E58400A62235 /* Build configuration list for PBXNativeTarget "WGOCCoreAnimationTests" */;
			buildPhases = (
				32470C912294E58400A62235 /* Sources */,
				32470C922294E58400A62235 /* Frameworks */,
				32470C932294E58400A62235 /* Resources */,
			);
			buildRules = (
			);
			dependencies = (
				32470C972294E58400A62235 /* PBXTargetDependency */,
			);
			name = WGOCCoreAnimationTests;
			productName = WGOCCoreAnimationTests;
			productReference = 32470C952294E58400A62235 /* WGOCCoreAnimationTests.xctest */;
			productType = "com.apple.product-type.bundle.unit-test";
		};
		32470C9F2294E58400A62235 /* WGOCCoreAnimationUITests */ = {
			isa = PBXNativeTarget;
			buildConfigurationList = 32470CAF2294E58400A62235 /* Build configuration list for PBXNativeTarget "WGOCCoreAnimationUITests" */;
			buildPhases = (
				32470C9C2294E58400A62235 /* Sources */,
				32470C9D2294E58400A62235 /* Frameworks */,
				32470C9E2294E58400A62235 /* Resources */,
			);
			buildRules = (
			);
			dependencies = (
				32470CA22294E58400A62235 /* PBXTargetDependency */,
			);
			name = WGOCCoreAnimationUITests;
			productName = WGOCCoreAnimationUITests;
			productReference = 32470CA02294E58400A62235 /* WGOCCoreAnimationUITests.xctest */;
			productType = "com.apple.product-type.bundle.ui-testing";
		};
/* End PBXNativeTarget section */

/* Begin PBXProject section */
		32470C752294E58200A62235 /* Project object */ = {
			isa = PBXProject;
			attributes = {
				LastUpgradeCheck = 1000;
				ORGANIZATIONNAME = bozhong;
				TargetAttributes = {
					32470C7C2294E58200A62235 = {
						CreatedOnToolsVersion = 10.0;
					};
					32470C942294E58400A62235 = {
						CreatedOnToolsVersion = 10.0;
						TestTargetID = 32470C7C2294E58200A62235;
					};
					32470C9F2294E58400A62235 = {
						CreatedOnToolsVersion = 10.0;
						TestTargetID = 32470C7C2294E58200A62235;
					};
				};
			};
			buildConfigurationList = 32470C782294E58200A62235 /* Build configuration list for PBXProject "WGOCCoreAnimation" */;
			compatibilityVersion = "Xcode 9.3";
			developmentRegion = en;
			hasScannedForEncodings = 0;
			knownRegions = (
				en,
				Base,
			);
			mainGroup = 32470C742294E58200A62235;
			productRefGroup = 32470C7E2294E58200A62235 /* Products */;
			projectDirPath = "";
			projectRoot = "";
			targets = (
				32470C7C2294E58200A62235 /* WGOCCoreAnimation */,
				32470C942294E58400A62235 /* WGOCCoreAnimationTests */,
				32470C9F2294E58400A62235 /* WGOCCoreAnimationUITests */,
			);
		};
/* End PBXProject section */

/* Begin PBXResourcesBuildPhase section */
		32470C7B2294E58200A62235 /* Resources */ = {
			isa = PBXResourcesBuildPhase;
			buildActionMask = 2147483647;
			files = (
				32368562229E16DA00B923EF /* sun.png in Resources */,
				32470C8D2294E58300A62235 /* LaunchScreen.storyboard in Resources */,
				32470C8A2294E58300A62235 /* Assets.xcassets in Resources */,
				32368563229E16DA00B923EF /* earth.png in Resources */,
				3281516B22968F98001879EB /* snow.png in Resources */,
				3281516922968F88001879EB /* fire.png in Resources */,
				3281516D22968FA1001879EB /* nenolight.png in Resources */,
			);
			runOnlyForDeploymentPostprocessing = 0;
		};
		32470C932294E58400A62235 /* Resources */ = {
			isa = PBXResourcesBuildPhase;
			buildActionMask = 2147483647;
			files = (
			);
			runOnlyForDeploymentPostprocessing = 0;
		};
		32470C9E2294E58400A62235 /* Resources */ = {
			isa = PBXResourcesBuildPhase;
			buildActionMask = 2147483647;
			files = (
			);
			runOnlyForDeploymentPostprocessing = 0;
		};
/* End PBXResourcesBuildPhase section */

/* Begin PBXSourcesBuildPhase section */
		32470C792294E58200A62235 /* Sources */ = {
			isa = PBXSourcesBuildPhase;
			buildActionMask = 2147483647;
			files = (
				32470CB62294E64C00A62235 /* UIView+WGFrame.m in Sources */,
				3281517022968FC6001879EB /* WGNeonAniViewController.m in Sources */,
				32470C902294E58400A62235 /* main.m in Sources */,
				32470CC22295250F00A62235 /* WGWaterWaveBtnViewController.m in Sources */,
				32470CCF2295329300A62235 /* WGCircleAniView.m in Sources */,
				32470CCC2295327C00A62235 /* WGButtnAniView.m in Sources */,
				325C7C68229BD3E100E3458A /* WGLineChartView.m in Sources */,
				32470CC52295253000A62235 /* WGWaterWaveBtn.m in Sources */,
				3236855F229E16C200B923EF /* WGEarthAniViewController.m in Sources */,
				32470CC92295325100A62235 /* WGCircleBtnAniViewController.m in Sources */,
				3260C8412297967E00CD840F /* WGScanAniViewController.m in Sources */,
				3281516722968F75001879EB /* WGFireAniViewController.m in Sources */,
				32470C822294E58200A62235 /* AppDelegate.m in Sources */,
				3281517322968FDF001879EB /* WGSnowAniViewController.m in Sources */,
				325C7C65229BD3C700E3458A /* WGChartAniViewController.m in Sources */,
				32470CBE2294E97400A62235 /* WGCALayerAnimationViewController.m in Sources */,
				325C7C6B229BD41B00E3458A /* WGBarChartView.m in Sources */,
				32368566229E16F400B923EF /* WGReplicatorViewController.m in Sources */,
				325C7C61229B905A00E3458A /* WGBeatAniViewController.m in Sources */,
				32470CBA2294E74E00A62235 /* ViewController.m in Sources */,
			);
			runOnlyForDeploymentPostprocessing = 0;
		};
		32470C912294E58400A62235 /* Sources */ = {
			isa = PBXSourcesBuildPhase;
			buildActionMask = 2147483647;
			files = (
				32470C9A2294E58400A62235 /* WGOCCoreAnimationTests.m in Sources */,
			);
			runOnlyForDeploymentPostprocessing = 0;
		};
		32470C9C2294E58400A62235 /* Sources */ = {
			isa = PBXSourcesBuildPhase;
			buildActionMask = 2147483647;
			files = (
				32470CA52294E58400A62235 /* WGOCCoreAnimationUITests.m in Sources */,
			);
			runOnlyForDeploymentPostprocessing = 0;
		};
/* End PBXSourcesBuildPhase section */

/* Begin PBXTargetDependency section */
		32470C972294E58400A62235 /* PBXTargetDependency */ = {
			isa = PBXTargetDependency;
			target = 32470C7C2294E58200A62235 /* WGOCCoreAnimation */;
			targetProxy = 32470C962294E58400A62235 /* PBXContainerItemProxy */;
		};
		32470CA22294E58400A62235 /* PBXTargetDependency */ = {
			isa = PBXTargetDependency;
			target = 32470C7C2294E58200A62235 /* WGOCCoreAnimation */;
			targetProxy = 32470CA12294E58400A62235 /* PBXContainerItemProxy */;
		};
/* End PBXTargetDependency section */

/* Begin PBXVariantGroup section */
		32470C8B2294E58300A62235 /* LaunchScreen.storyboard */ = {
			isa = PBXVariantGroup;
			children = (
				32470C8C2294E58300A62235 /* Base */,
			);
			name = LaunchScreen.storyboard;
			sourceTree = "<group>";
		};
/* End PBXVariantGroup section */

/* Begin XCBuildConfiguration section */
		32470CA72294E58400A62235 /* Debug */ = {
			isa = XCBuildConfiguration;
			buildSettings = {
				ALWAYS_SEARCH_USER_PATHS = NO;
				CLANG_ANALYZER_NONNULL = YES;
				CLANG_ANALYZER_NUMBER_OBJECT_CONVERSION = YES_AGGRESSIVE;
				CLANG_CXX_LANGUAGE_STANDARD = "gnu++14";
				CLANG_CXX_LIBRARY = "libc++";
				CLANG_ENABLE_MODULES = YES;
				CLANG_ENABLE_OBJC_ARC = YES;
				CLANG_ENABLE_OBJC_WEAK = YES;
				CLANG_WARN_BLOCK_CAPTURE_AUTORELEASING = YES;
				CLANG_WARN_BOOL_CONVERSION = YES;
				CLANG_WARN_COMMA = YES;
				CLANG_WARN_CONSTANT_CONVERSION = YES;
				CLANG_WARN_DEPRECATED_OBJC_IMPLEMENTATIONS = YES;
				CLANG_WARN_DIRECT_OBJC_ISA_USAGE = YES_ERROR;
				CLANG_WARN_DOCUMENTATION_COMMENTS = YES;
				CLANG_WARN_EMPTY_BODY = YES;
				CLANG_WARN_ENUM_CONVERSION = YES;
				CLANG_WARN_INFINITE_RECURSION = YES;
				CLANG_WARN_INT_CONVERSION = YES;
				CLANG_WARN_NON_LITERAL_NULL_CONVERSION = YES;
				CLANG_WARN_OBJC_IMPLICIT_RETAIN_SELF = YES;
				CLANG_WARN_OBJC_LITERAL_CONVERSION = YES;
				CLANG_WARN_OBJC_ROOT_CLASS = YES_ERROR;
				CLANG_WARN_RANGE_LOOP_ANALYSIS = YES;
				CLANG_WARN_STRICT_PROTOTYPES = YES;
				CLANG_WARN_SUSPICIOUS_MOVE = YES;
				CLANG_WARN_UNGUARDED_AVAILABILITY = YES_AGGRESSIVE;
				CLANG_WARN_UNREACHABLE_CODE = YES;
				CLANG_WARN__DUPLICATE_METHOD_MATCH = YES;
				CODE_SIGN_IDENTITY = "iPhone Developer";
				COPY_PHASE_STRIP = NO;
				DEBUG_INFORMATION_FORMAT = dwarf;
				ENABLE_STRICT_OBJC_MSGSEND = YES;
				ENABLE_TESTABILITY = YES;
				GCC_C_LANGUAGE_STANDARD = gnu11;
				GCC_DYNAMIC_NO_PIC = NO;
				GCC_NO_COMMON_BLOCKS = YES;
				GCC_OPTIMIZATION_LEVEL = 0;
				GCC_PREPROCESSOR_DEFINITIONS = (
					"DEBUG=1",
					"$(inherited)",
				);
				GCC_WARN_64_TO_32_BIT_CONVERSION = YES;
				GCC_WARN_ABOUT_RETURN_TYPE = YES_ERROR;
				GCC_WARN_UNDECLARED_SELECTOR = YES;
				GCC_WARN_UNINITIALIZED_AUTOS = YES_AGGRESSIVE;
				GCC_WARN_UNUSED_FUNCTION = YES;
				GCC_WARN_UNUSED_VARIABLE = YES;
				IPHONEOS_DEPLOYMENT_TARGET = 12.0;
				MTL_ENABLE_DEBUG_INFO = INCLUDE_SOURCE;
				MTL_FAST_MATH = YES;
				ONLY_ACTIVE_ARCH = YES;
				SDKROOT = iphoneos;
			};
			name = Debug;
		};
		32470CA82294E58400A62235 /* Release */ = {
			isa = XCBuildConfiguration;
			buildSettings = {
				ALWAYS_SEARCH_USER_PATHS = NO;
				CLANG_ANALYZER_NONNULL = YES;
				CLANG_ANALYZER_NUMBER_OBJECT_CONVERSION = YES_AGGRESSIVE;
				CLANG_CXX_LANGUAGE_STANDARD = "gnu++14";
				CLANG_CXX_LIBRARY = "libc++";
				CLANG_ENABLE_MODULES = YES;
				CLANG_ENABLE_OBJC_ARC = YES;
				CLANG_ENABLE_OBJC_WEAK = YES;
				CLANG_WARN_BLOCK_CAPTURE_AUTORELEASING = YES;
				CLANG_WARN_BOOL_CONVERSION = YES;
				CLANG_WARN_COMMA = YES;
				CLANG_WARN_CONSTANT_CONVERSION = YES;
				CLANG_WARN_DEPRECATED_OBJC_IMPLEMENTATIONS = YES;
				CLANG_WARN_DIRECT_OBJC_ISA_USAGE = YES_ERROR;
				CLANG_WARN_DOCUMENTATION_COMMENTS = YES;
				CLANG_WARN_EMPTY_BODY = YES;
				CLANG_WARN_ENUM_CONVERSION = YES;
				CLANG_WARN_INFINITE_RECURSION = YES;
				CLANG_WARN_INT_CONVERSION = YES;
				CLANG_WARN_NON_LITERAL_NULL_CONVERSION = YES;
				CLANG_WARN_OBJC_IMPLICIT_RETAIN_SELF = YES;
				CLANG_WARN_OBJC_LITERAL_CONVERSION = YES;
				CLANG_WARN_OBJC_ROOT_CLASS = YES_ERROR;
				CLANG_WARN_RANGE_LOOP_ANALYSIS = YES;
				CLANG_WARN_STRICT_PROTOTYPES = YES;
				CLANG_WARN_SUSPICIOUS_MOVE = YES;
				CLANG_WARN_UNGUARDED_AVAILABILITY = YES_AGGRESSIVE;
				CLANG_WARN_UNREACHABLE_CODE = YES;
				CLANG_WARN__DUPLICATE_METHOD_MATCH = YES;
				CODE_SIGN_IDENTITY = "iPhone Developer";
				COPY_PHASE_STRIP = NO;
				DEBUG_INFORMATION_FORMAT = "dwarf-with-dsym";
				ENABLE_NS_ASSERTIONS = NO;
				ENABLE_STRICT_OBJC_MSGSEND = YES;
				GCC_C_LANGUAGE_STANDARD = gnu11;
				GCC_NO_COMMON_BLOCKS = YES;
				GCC_WARN_64_TO_32_BIT_CONVERSION = YES;
				GCC_WARN_ABOUT_RETURN_TYPE = YES_ERROR;
				GCC_WARN_UNDECLARED_SELECTOR = YES;
				GCC_WARN_UNINITIALIZED_AUTOS = YES_AGGRESSIVE;
				GCC_WARN_UNUSED_FUNCTION = YES;
				GCC_WARN_UNUSED_VARIABLE = YES;
				IPHONEOS_DEPLOYMENT_TARGET = 12.0;
				MTL_ENABLE_DEBUG_INFO = NO;
				MTL_FAST_MATH = YES;
				SDKROOT = iphoneos;
				VALIDATE_PRODUCT = YES;
			};
			name = Release;
		};
		32470CAA2294E58400A62235 /* Debug */ = {
			isa = XCBuildConfiguration;
			buildSettings = {
				ASSETCATALOG_COMPILER_APPICON_NAME = AppIcon;
				CODE_SIGN_STYLE = Automatic;
				DEVELOPMENT_TEAM = 49T87S5RLN;
				GCC_PRECOMPILE_PREFIX_HEADER = YES;
				GCC_PREFIX_HEADER = WGOCCoreAnimation/Main/WGOCCoreAnimationHeader.pch;
				INFOPLIST_FILE = WGOCCoreAnimation/Info.plist;
				IPHONEOS_DEPLOYMENT_TARGET = 10.0;
				LD_RUNPATH_SEARCH_PATHS = (
					"$(inherited)",
					"@executable_path/Frameworks",
				);
				PRODUCT_BUNDLE_IDENTIFIER = com.bozhong.WGOCCoreAnimation;
				PRODUCT_NAME = "$(TARGET_NAME)";
				TARGETED_DEVICE_FAMILY = "1,2";
			};
			name = Debug;
		};
		32470CAB2294E58400A62235 /* Release */ = {
			isa = XCBuildConfiguration;
			buildSettings = {
				ASSETCATALOG_COMPILER_APPICON_NAME = AppIcon;
				CODE_SIGN_STYLE = Automatic;
				DEVELOPMENT_TEAM = 49T87S5RLN;
				GCC_PRECOMPILE_PREFIX_HEADER = YES;
				GCC_PREFIX_HEADER = WGOCCoreAnimation/Main/WGOCCoreAnimationHeader.pch;
				INFOPLIST_FILE = WGOCCoreAnimation/Info.plist;
				IPHONEOS_DEPLOYMENT_TARGET = 10.0;
				LD_RUNPATH_SEARCH_PATHS = (
					"$(inherited)",
					"@executable_path/Frameworks",
				);
				PRODUCT_BUNDLE_IDENTIFIER = com.bozhong.WGOCCoreAnimation;
				PRODUCT_NAME = "$(TARGET_NAME)";
				TARGETED_DEVICE_FAMILY = "1,2";
			};
			name = Release;
		};
		32470CAD2294E58400A62235 /* Debug */ = {
			isa = XCBuildConfiguration;
			buildSettings = {
				BUNDLE_LOADER = "$(TEST_HOST)";
				CODE_SIGN_STYLE = Automatic;
				DEVELOPMENT_TEAM = 49T87S5RLN;
				INFOPLIST_FILE = WGOCCoreAnimationTests/Info.plist;
				LD_RUNPATH_SEARCH_PATHS = (
					"$(inherited)",
					"@executable_path/Frameworks",
					"@loader_path/Frameworks",
				);
				PRODUCT_BUNDLE_IDENTIFIER = com.bozhong.WGOCCoreAnimationTests;
				PRODUCT_NAME = "$(TARGET_NAME)";
				TARGETED_DEVICE_FAMILY = "1,2";
				TEST_HOST = "$(BUILT_PRODUCTS_DIR)/WGOCCoreAnimation.app/WGOCCoreAnimation";
			};
			name = Debug;
		};
		32470CAE2294E58400A62235 /* Release */ = {
			isa = XCBuildConfiguration;
			buildSettings = {
				BUNDLE_LOADER = "$(TEST_HOST)";
				CODE_SIGN_STYLE = Automatic;
				DEVELOPMENT_TEAM = 49T87S5RLN;
				INFOPLIST_FILE = WGOCCoreAnimationTests/Info.plist;
				LD_RUNPATH_SEARCH_PATHS = (
					"$(inherited)",
					"@executable_path/Frameworks",
					"@loader_path/Frameworks",
				);
				PRODUCT_BUNDLE_IDENTIFIER = com.bozhong.WGOCCoreAnimationTests;
				PRODUCT_NAME = "$(TARGET_NAME)";
				TARGETED_DEVICE_FAMILY = "1,2";
				TEST_HOST = "$(BUILT_PRODUCTS_DIR)/WGOCCoreAnimation.app/WGOCCoreAnimation";
			};
			name = Release;
		};
		32470CB02294E58400A62235 /* Debug */ = {
			isa = XCBuildConfiguration;
			buildSettings = {
				CODE_SIGN_STYLE = Automatic;
				DEVELOPMENT_TEAM = 49T87S5RLN;
				INFOPLIST_FILE = WGOCCoreAnimationUITests/Info.plist;
				LD_RUNPATH_SEARCH_PATHS = (
					"$(inherited)",
					"@executable_path/Frameworks",
					"@loader_path/Frameworks",
				);
				PRODUCT_BUNDLE_IDENTIFIER = com.bozhong.WGOCCoreAnimationUITests;
				PRODUCT_NAME = "$(TARGET_NAME)";
				TARGETED_DEVICE_FAMILY = "1,2";
				TEST_TARGET_NAME = WGOCCoreAnimation;
			};
			name = Debug;
		};
		32470CB12294E58400A62235 /* Release */ = {
			isa = XCBuildConfiguration;
			buildSettings = {
				CODE_SIGN_STYLE = Automatic;
				DEVELOPMENT_TEAM = 49T87S5RLN;
				INFOPLIST_FILE = WGOCCoreAnimationUITests/Info.plist;
				LD_RUNPATH_SEARCH_PATHS = (
					"$(inherited)",
					"@executable_path/Frameworks",
					"@loader_path/Frameworks",
				);
				PRODUCT_BUNDLE_IDENTIFIER = com.bozhong.WGOCCoreAnimationUITests;
				PRODUCT_NAME = "$(TARGET_NAME)";
				TARGETED_DEVICE_FAMILY = "1,2";
				TEST_TARGET_NAME = WGOCCoreAnimation;
			};
			name = Release;
		};
/* End XCBuildConfiguration section */

/* Begin XCConfigurationList section */
		32470C782294E58200A62235 /* Build configuration list for PBXProject "WGOCCoreAnimation" */ = {
			isa = XCConfigurationList;
			buildConfigurations = (
				32470CA72294E58400A62235 /* Debug */,
				32470CA82294E58400A62235 /* Release */,
			);
			defaultConfigurationIsVisible = 0;
			defaultConfigurationName = Release;
		};
		32470CA92294E58400A62235 /* Build configuration list for PBXNativeTarget "WGOCCoreAnimation" */ = {
			isa = XCConfigurationList;
			buildConfigurations = (
				32470CAA2294E58400A62235 /* Debug */,
				32470CAB2294E58400A62235 /* Release */,
			);
			defaultConfigurationIsVisible = 0;
			defaultConfigurationName = Release;
		};
		32470CAC2294E58400A62235 /* Build configuration list for PBXNativeTarget "WGOCCoreAnimationTests" */ = {
			isa = XCConfigurationList;
			buildConfigurations = (
				32470CAD2294E58400A62235 /* Debug */,
				32470CAE2294E58400A62235 /* Release */,
			);
			defaultConfigurationIsVisible = 0;
			defaultConfigurationName = Release;
		};
		32470CAF2294E58400A62235 /* Build configuration list for PBXNativeTarget "WGOCCoreAnimationUITests" */ = {
			isa = XCConfigurationList;
			buildConfigurations = (
				32470CB02294E58400A62235 /* Debug */,
				32470CB12294E58400A62235 /* Release */,
			);
			defaultConfigurationIsVisible = 0;
			defaultConfigurationName = Release;
		};
/* End XCConfigurationList section */
	};
	rootObject = 32470C752294E58200A62235 /* Project object */;
}
