// !$*UTF8*$!
{
	archiveVersion = 1;
	classes = {
	};
	objectVersion = 50;
	objects = {

/* Begin PBXBuildFile section */
		3217A8A8228165E5004DA202 /* WGChartAniViewController.swift in Sources */ = {isa = PBXBuildFile; fileRef = 3217A8A7228165E5004DA202 /* WGChartAniViewController.swift */; };
		3217A8AA2281843F004DA202 /* WGLineChartView.swift in Sources */ = {isa = PBXBuildFile; fileRef = 3217A8A92281843F004DA202 /* WGLineChartView.swift */; };
		321DF40E2270033800739C50 /* WGCircleAniView.swift in Sources */ = {isa = PBXBuildFile; fileRef = 321DF40D2270033800739C50 /* WGCircleAniView.swift */; };
		321DF4102270035700739C50 /* WGButtnAniView.swift in Sources */ = {isa = PBXBuildFile; fileRef = 321DF40F2270035700739C50 /* WGButtnAniView.swift */; };
		321DF4122270294600739C50 /* WGCircleBtnAniViewController.swift in Sources */ = {isa = PBXBuildFile; fileRef = 321DF4112270294600739C50 /* WGCircleBtnAniViewController.swift */; };
		322ACCD5226EA949009BF1CE /* AppDelegate.swift in Sources */ = {isa = PBXBuildFile; fileRef = 322ACCD4226EA949009BF1CE /* AppDelegate.swift */; };
		322ACCD7226EA949009BF1CE /* ViewController.swift in Sources */ = {isa = PBXBuildFile; fileRef = 322ACCD6226EA949009BF1CE /* ViewController.swift */; };
		322ACCDC226EA94A009BF1CE /* Assets.xcassets in Resources */ = {isa = PBXBuildFile; fileRef = 322ACCDB226EA94A009BF1CE /* Assets.xcassets */; };
		322ACCDF226EA94A009BF1CE /* LaunchScreen.storyboard in Resources */ = {isa = PBXBuildFile; fileRef = 322ACCDD226EA94A009BF1CE /* LaunchScreen.storyboard */; };
		322ACCEA226EA94A009BF1CE /* WGCoreAnimationTests.swift in Sources */ = {isa = PBXBuildFile; fileRef = 322ACCE9226EA94A009BF1CE /* WGCoreAnimationTests.swift */; };
		322ACCF5226EA94A009BF1CE /* WGCoreAnimationUITests.swift in Sources */ = {isa = PBXBuildFile; fileRef = 322ACCF4226EA94A009BF1CE /* WGCoreAnimationUITests.swift */; };
		322ACD05226EAA1A009BF1CE /* UIView_WGFrame.swift in Sources */ = {isa = PBXBuildFile; fileRef = 322ACD03226EAA1A009BF1CE /* UIView_WGFrame.swift */; };
		322ACD06226EAA1A009BF1CE /* WGSwiftProjectHeader.swift in Sources */ = {isa = PBXBuildFile; fileRef = 322ACD04226EAA1A009BF1CE /* WGSwiftProjectHeader.swift */; };
		322ACD09226EAB4B009BF1CE /* WGCALayerAnimationViewController.swift in Sources */ = {isa = PBXBuildFile; fileRef = 322ACD08226EAB4B009BF1CE /* WGCALayerAnimationViewController.swift */; };
		322ACD13226F0435009BF1CE /* WGWaterWaveBtn.swift in Sources */ = {isa = PBXBuildFile; fileRef = 322ACD12226F0435009BF1CE /* WGWaterWaveBtn.swift */; };
		322ACD15226F0E26009BF1CE /* WGWaterWaveBtnViewController.swift in Sources */ = {isa = PBXBuildFile; fileRef = 322ACD14226F0E26009BF1CE /* WGWaterWaveBtnViewController.swift */; };
		323C6C66227FFBD9003C8359 /* WGSnowAniViewController.swift in Sources */ = {isa = PBXBuildFile; fileRef = 323C6C65227FFBD9003C8359 /* WGSnowAniViewController.swift */; };
		323C6C68228000BC003C8359 /* snow.png in Resources */ = {isa = PBXBuildFile; fileRef = 323C6C67228000BC003C8359 /* snow.png */; };
		323C6C6C22800683003C8359 /* WGScanAniViewController.swift in Sources */ = {isa = PBXBuildFile; fileRef = 323C6C6B22800683003C8359 /* WGScanAniViewController.swift */; };
		323C6C6E22802E7D003C8359 /* WGBeatAniViewController.swift in Sources */ = {isa = PBXBuildFile; fileRef = 323C6C6D22802E7D003C8359 /* WGBeatAniViewController.swift */; };
		3251F260227189E10075498E /* WGFireAniViewController.swift in Sources */ = {isa = PBXBuildFile; fileRef = 3251F25F227189E10075498E /* WGFireAniViewController.swift */; };
		3251F26222718D1C0075498E /* fire.png in Resources */ = {isa = PBXBuildFile; fileRef = 3251F26122718D1C0075498E /* fire.png */; };
		3251F264227196930075498E /* WGNeonAniViewController.swift in Sources */ = {isa = PBXBuildFile; fileRef = 3251F263227196930075498E /* WGNeonAniViewController.swift */; };
		3251F2662271977C0075498E /* nenolight.png in Resources */ = {isa = PBXBuildFile; fileRef = 3251F2652271977B0075498E /* nenolight.png */; };
		32605C4A2283C18000118B4D /* WGReplicatorViewController.swift in Sources */ = {isa = PBXBuildFile; fileRef = 32605C492283C18000118B4D /* WGReplicatorViewController.swift */; };
		32605C4D2283D09700118B4D /* WGCoverFlowViewController.swift in Sources */ = {isa = PBXBuildFile; fileRef = 32605C4C2283D09700118B4D /* WGCoverFlowViewController.swift */; };
		32605C4F2283F44700118B4D /* 0.jpg in Resources */ = {isa = PBXBuildFile; fileRef = 32605C4E2283F44700118B4D /* 0.jpg */; };
		32605C512283F44E00118B4D /* 1.jpg in Resources */ = {isa = PBXBuildFile; fileRef = 32605C502283F44E00118B4D /* 1.jpg */; };
		32605C532283F45600118B4D /* 2.jpg in Resources */ = {isa = PBXBuildFile; fileRef = 32605C522283F45600118B4D /* 2.jpg */; };
		32EFD5012282B2C10037DE9B /* WGBarChartView.swift in Sources */ = {isa = PBXBuildFile; fileRef = 32EFD5002282B2C10037DE9B /* WGBarChartView.swift */; };
		32EFD5042282CEA80037DE9B /* WGEarthAniViewController.swift in Sources */ = {isa = PBXBuildFile; fileRef = 32EFD5032282CEA80037DE9B /* WGEarthAniViewController.swift */; };
		32EFD5072282D2FD0037DE9B /* earth.png in Resources */ = {isa = PBXBuildFile; fileRef = 32EFD5062282D2FD0037DE9B /* earth.png */; };
		32EFD5092282D3070037DE9B /* sun.png in Resources */ = {isa = PBXBuildFile; fileRef = 32EFD5082282D3070037DE9B /* sun.png */; };
/* End PBXBuildFile section */

/* Begin PBXContainerItemProxy section */
		322ACCE6226EA94A009BF1CE /* PBXContainerItemProxy */ = {
			isa = PBXContainerItemProxy;
			containerPortal = 322ACCC9226EA948009BF1CE /* Project object */;
			proxyType = 1;
			remoteGlobalIDString = 322ACCD0226EA949009BF1CE;
			remoteInfo = WGCoreAnimation;
		};
		322ACCF1226EA94A009BF1CE /* PBXContainerItemProxy */ = {
			isa = PBXContainerItemProxy;
			containerPortal = 322ACCC9226EA948009BF1CE /* Project object */;
			proxyType = 1;
			remoteGlobalIDString = 322ACCD0226EA949009BF1CE;
			remoteInfo = WGCoreAnimation;
		};
/* End PBXContainerItemProxy section */

/* Begin PBXFileReference section */
		3217A8A7228165E5004DA202 /* WGChartAniViewController.swift */ = {isa = PBXFileReference; lastKnownFileType = sourcecode.swift; path = WGChartAniViewController.swift; sourceTree = "<group>"; };
		3217A8A92281843F004DA202 /* WGLineChartView.swift */ = {isa = PBXFileReference; lastKnownFileType = sourcecode.swift; path = WGLineChartView.swift; sourceTree = "<group>"; };
		321DF40D2270033800739C50 /* WGCircleAniView.swift */ = {isa = PBXFileReference; lastKnownFileType = sourcecode.swift; path = WGCircleAniView.swift; sourceTree = "<group>"; };
		321DF40F2270035700739C50 /* WGButtnAniView.swift */ = {isa = PBXFileReference; lastKnownFileType = sourcecode.swift; path = WGButtnAniView.swift; sourceTree = "<group>"; };
		321DF4112270294600739C50 /* WGCircleBtnAniViewController.swift */ = {isa = PBXFileReference; lastKnownFileType = sourcecode.swift; path = WGCircleBtnAniViewController.swift; sourceTree = "<group>"; };
		322ACCD1226EA949009BF1CE /* WGCoreAnimation.app */ = {isa = PBXFileReference; explicitFileType = wrapper.application; includeInIndex = 0; path = WGCoreAnimation.app; sourceTree = BUILT_PRODUCTS_DIR; };
		322ACCD4226EA949009BF1CE /* AppDelegate.swift */ = {isa = PBXFileReference; lastKnownFileType = sourcecode.swift; path = AppDelegate.swift; sourceTree = "<group>"; };
		322ACCD6226EA949009BF1CE /* ViewController.swift */ = {isa = PBXFileReference; lastKnownFileType = sourcecode.swift; path = ViewController.swift; sourceTree = "<group>"; };
		322ACCDB226EA94A009BF1CE /* Assets.xcassets */ = {isa = PBXFileReference; lastKnownFileType = folder.assetcatalog; path = Assets.xcassets; sourceTree = "<group>"; };
		322ACCDE226EA94A009BF1CE /* Base */ = {isa = PBXFileReference; lastKnownFileType = file.storyboard; name = Base; path = Base.lproj/LaunchScreen.storyboard; sourceTree = "<group>"; };
		322ACCE0226EA94A009BF1CE /* Info.plist */ = {isa = PBXFileReference; lastKnownFileType = text.plist.xml; path = Info.plist; sourceTree = "<group>"; };
		322ACCE5226EA94A009BF1CE /* WGCoreAnimationTests.xctest */ = {isa = PBXFileReference; explicitFileType = wrapper.cfbundle; includeInIndex = 0; path = WGCoreAnimationTests.xctest; sourceTree = BUILT_PRODUCTS_DIR; };
		322ACCE9226EA94A009BF1CE /* WGCoreAnimationTests.swift */ = {isa = PBXFileReference; lastKnownFileType = sourcecode.swift; path = WGCoreAnimationTests.swift; sourceTree = "<group>"; };
		322ACCEB226EA94A009BF1CE /* Info.plist */ = {isa = PBXFileReference; lastKnownFileType = text.plist.xml; path = Info.plist; sourceTree = "<group>"; };
		322ACCF0226EA94A009BF1CE /* WGCoreAnimationUITests.xctest */ = {isa = PBXFileReference; explicitFileType = wrapper.cfbundle; includeInIndex = 0; path = WGCoreAnimationUITests.xctest; sourceTree = BUILT_PRODUCTS_DIR; };
		322ACCF4226EA94A009BF1CE /* WGCoreAnimationUITests.swift */ = {isa = PBXFileReference; lastKnownFileType = sourcecode.swift; path = WGCoreAnimationUITests.swift; sourceTree = "<group>"; };
		322ACCF6226EA94A009BF1CE /* Info.plist */ = {isa = PBXFileReference; lastKnownFileType = text.plist.xml; path = Info.plist; sourceTree = "<group>"; };
		322ACD03226EAA1A009BF1CE /* UIView_WGFrame.swift */ = {isa = PBXFileReference; fileEncoding = 4; lastKnownFileType = sourcecode.swift; name = UIView_WGFrame.swift; path = "../../../../显示层动画/WGAnimationPrimary/WGAnimationPrimary/main/UIView_WGFrame.swift"; sourceTree = "<group>"; };
		322ACD04226EAA1A009BF1CE /* WGSwiftProjectHeader.swift */ = {isa = PBXFileReference; fileEncoding = 4; lastKnownFileType = sourcecode.swift; name = WGSwiftProjectHeader.swift; path = "../../../../显示层动画/WGAnimationPrimary/WGAnimationPrimary/main/WGSwiftProjectHeader.swift"; sourceTree = "<group>"; };
		322ACD08226EAB4B009BF1CE /* WGCALayerAnimationViewController.swift */ = {isa = PBXFileReference; lastKnownFileType = sourcecode.swift; path = WGCALayerAnimationViewController.swift; sourceTree = "<group>"; };
		322ACD12226F0435009BF1CE /* WGWaterWaveBtn.swift */ = {isa = PBXFileReference; lastKnownFileType = sourcecode.swift; path = WGWaterWaveBtn.swift; sourceTree = "<group>"; };
		322ACD14226F0E26009BF1CE /* WGWaterWaveBtnViewController.swift */ = {isa = PBXFileReference; lastKnownFileType = sourcecode.swift; path = WGWaterWaveBtnViewController.swift; sourceTree = "<group>"; };
		323C6C65227FFBD9003C8359 /* WGSnowAniViewController.swift */ = {isa = PBXFileReference; lastKnownFileType = sourcecode.swift; path = WGSnowAniViewController.swift; sourceTree = "<group>"; };
		323C6C67228000BC003C8359 /* snow.png */ = {isa = PBXFileReference; lastKnownFileType = image.png; path = snow.png; sourceTree = "<group>"; };
		323C6C6B22800683003C8359 /* WGScanAniViewController.swift */ = {isa = PBXFileReference; lastKnownFileType = sourcecode.swift; path = WGScanAniViewController.swift; sourceTree = "<group>"; };
		323C6C6D22802E7D003C8359 /* WGBeatAniViewController.swift */ = {isa = PBXFileReference; lastKnownFileType = sourcecode.swift; path = WGBeatAniViewController.swift; sourceTree = "<group>"; };
		3251F25F227189E10075498E /* WGFireAniViewController.swift */ = {isa = PBXFileReference; lastKnownFileType = sourcecode.swift; path = WGFireAniViewController.swift; sourceTree = "<group>"; };
		3251F26122718D1C0075498E /* fire.png */ = {isa = PBXFileReference; lastKnownFileType = image.png; path = fire.png; sourceTree = "<group>"; };
		3251F263227196930075498E /* WGNeonAniViewController.swift */ = {isa = PBXFileReference; lastKnownFileType = sourcecode.swift; path = WGNeonAniViewController.swift; sourceTree = "<group>"; };
		3251F2652271977B0075498E /* nenolight.png */ = {isa = PBXFileReference; lastKnownFileType = image.png; path = nenolight.png; sourceTree = "<group>"; };
		32605C492283C18000118B4D /* WGReplicatorViewController.swift */ = {isa = PBXFileReference; lastKnownFileType = sourcecode.swift; path = WGReplicatorViewController.swift; sourceTree = "<group>"; };
		32605C4C2283D09700118B4D /* WGCoverFlowViewController.swift */ = {isa = PBXFileReference; lastKnownFileType = sourcecode.swift; path = WGCoverFlowViewController.swift; sourceTree = "<group>"; };
		32605C4E2283F44700118B4D /* 0.jpg */ = {isa = PBXFileReference; lastKnownFileType = image.jpeg; path = 0.jpg; sourceTree = "<group>"; };
		32605C502283F44E00118B4D /* 1.jpg */ = {isa = PBXFileReference; lastKnownFileType = image.jpeg; path = 1.jpg; sourceTree = "<group>"; };
		32605C522283F45600118B4D /* 2.jpg */ = {isa = PBXFileReference; lastKnownFileType = image.jpeg; path = 2.jpg; sourceTree = "<group>"; };
		32EFD5002282B2C10037DE9B /* WGBarChartView.swift */ = {isa = PBXFileReference; lastKnownFileType = sourcecode.swift; path = WGBarChartView.swift; sourceTree = "<group>"; };
		32EFD5032282CEA80037DE9B /* WGEarthAniViewController.swift */ = {isa = PBXFileReference; lastKnownFileType = sourcecode.swift; path = WGEarthAniViewController.swift; sourceTree = "<group>"; };
		32EFD5062282D2FD0037DE9B /* earth.png */ = {isa = PBXFileReference; lastKnownFileType = image.png; path = earth.png; sourceTree = "<group>"; };
		32EFD5082282D3070037DE9B /* sun.png */ = {isa = PBXFileReference; lastKnownFileType = image.png; path = sun.png; sourceTree = "<group>"; };
/* End PBXFileReference section */

/* Begin PBXFrameworksBuildPhase section */
		322ACCCE226EA949009BF1CE /* Frameworks */ = {
			isa = PBXFrameworksBuildPhase;
			buildActionMask = 2147483647;
			files = (
			);
			runOnlyForDeploymentPostprocessing = 0;
		};
		322ACCE2226EA94A009BF1CE /* Frameworks */ = {
			isa = PBXFrameworksBuildPhase;
			buildActionMask = 2147483647;
			files = (
			);
			runOnlyForDeploymentPostprocessing = 0;
		};
		322ACCED226EA94A009BF1CE /* Frameworks */ = {
			isa = PBXFrameworksBuildPhase;
			buildActionMask = 2147483647;
			files = (
			);
			runOnlyForDeploymentPostprocessing = 0;
		};
/* End PBXFrameworksBuildPhase section */

/* Begin PBXGroup section */
		3217A8A622816598004DA202 /* CAShapeLayer动画 */ = {
			isa = PBXGroup;
			children = (
				3217A8A7228165E5004DA202 /* WGChartAniViewController.swift */,
				3217A8A92281843F004DA202 /* WGLineChartView.swift */,
				32EFD5002282B2C10037DE9B /* WGBarChartView.swift */,
			);
			path = "CAShapeLayer动画";
			sourceTree = "<group>";
		};
		321DF40C227002B500739C50 /* 渐进圆环效果 */ = {
			isa = PBXGroup;
			children = (
				321DF40D2270033800739C50 /* WGCircleAniView.swift */,
				321DF40F2270035700739C50 /* WGButtnAniView.swift */,
				321DF4112270294600739C50 /* WGCircleBtnAniViewController.swift */,
			);
			path = "渐进圆环效果";
			sourceTree = "<group>";
		};
		322ACCC8226EA948009BF1CE = {
			isa = PBXGroup;
			children = (
				322ACCD3226EA949009BF1CE /* WGCoreAnimation */,
				322ACCE8226EA94A009BF1CE /* WGCoreAnimationTests */,
				322ACCF3226EA94A009BF1CE /* WGCoreAnimationUITests */,
				322ACCD2226EA949009BF1CE /* Products */,
			);
			sourceTree = "<group>";
		};
		322ACCD2226EA949009BF1CE /* Products */ = {
			isa = PBXGroup;
			children = (
				322ACCD1226EA949009BF1CE /* WGCoreAnimation.app */,
				322ACCE5226EA94A009BF1CE /* WGCoreAnimationTests.xctest */,
				322ACCF0226EA94A009BF1CE /* WGCoreAnimationUITests.xctest */,
			);
			name = Products;
			sourceTree = "<group>";
		};
		322ACCD3226EA949009BF1CE /* WGCoreAnimation */ = {
			isa = PBXGroup;
			children = (
				32605C4B2283D06A00118B4D /* CoverFlow效果 */,
				32EFD5022282CE720037DE9B /* CAReplicatorLayer动画 */,
				3217A8A622816598004DA202 /* CAShapeLayer动画 */,
				323C6C692280064A003C8359 /* CAGradientLayer动画 */,
				3251F25C2271892E0075498E /* CAEmitterCell粒子动画 */,
				321DF40C227002B500739C50 /* 渐进圆环效果 */,
				322ACD11226F03CE009BF1CE /* 水纹动画 */,
				322ACD07226EAA99009BF1CE /* 基础和关键帧动画 */,
				322ACD02226EA9F3009BF1CE /* main */,
			);
			path = WGCoreAnimation;
			sourceTree = "<group>";
		};
		322ACCE8226EA94A009BF1CE /* WGCoreAnimationTests */ = {
			isa = PBXGroup;
			children = (
				322ACCE9226EA94A009BF1CE /* WGCoreAnimationTests.swift */,
				322ACCEB226EA94A009BF1CE /* Info.plist */,
			);
			path = WGCoreAnimationTests;
			sourceTree = "<group>";
		};
		322ACCF3226EA94A009BF1CE /* WGCoreAnimationUITests */ = {
			isa = PBXGroup;
			children = (
				322ACCF4226EA94A009BF1CE /* WGCoreAnimationUITests.swift */,
				322ACCF6226EA94A009BF1CE /* Info.plist */,
			);
			path = WGCoreAnimationUITests;
			sourceTree = "<group>";
		};
		322ACD02226EA9F3009BF1CE /* main */ = {
			isa = PBXGroup;
			children = (
				322ACD03226EAA1A009BF1CE /* UIView_WGFrame.swift */,
				322ACD04226EAA1A009BF1CE /* WGSwiftProjectHeader.swift */,
				322ACCDB226EA94A009BF1CE /* Assets.xcassets */,
				322ACCDD226EA94A009BF1CE /* LaunchScreen.storyboard */,
				322ACCE0226EA94A009BF1CE /* Info.plist */,
				322ACCD6226EA949009BF1CE /* ViewController.swift */,
				322ACCD4226EA949009BF1CE /* AppDelegate.swift */,
			);
			path = main;
			sourceTree = "<group>";
		};
		322ACD07226EAA99009BF1CE /* 基础和关键帧动画 */ = {
			isa = PBXGroup;
			children = (
				322ACD08226EAB4B009BF1CE /* WGCALayerAnimationViewController.swift */,
			);
			path = "基础和关键帧动画";
			sourceTree = "<group>";
		};
		322ACD11226F03CE009BF1CE /* 水纹动画 */ = {
			isa = PBXGroup;
			children = (
				322ACD12226F0435009BF1CE /* WGWaterWaveBtn.swift */,
				322ACD14226F0E26009BF1CE /* WGWaterWaveBtnViewController.swift */,
			);
			path = "水纹动画";
			sourceTree = "<group>";
		};
		323C6C64227FFBB9003C8359 /* 大雪效果 */ = {
			isa = PBXGroup;
			children = (
				323C6C65227FFBD9003C8359 /* WGSnowAniViewController.swift */,
				323C6C67228000BC003C8359 /* snow.png */,
			);
			path = "大雪效果";
			sourceTree = "<group>";
		};
		323C6C692280064A003C8359 /* CAGradientLayer动画 */ = {
			isa = PBXGroup;
			children = (
				323C6C6F22802E83003C8359 /* 跳动动画 */,
				323C6C6A2280065A003C8359 /* 扫描动画 */,
			);
			path = "CAGradientLayer动画";
			sourceTree = "<group>";
		};
		323C6C6A2280065A003C8359 /* 扫描动画 */ = {
			isa = PBXGroup;
			children = (
				323C6C6B22800683003C8359 /* WGScanAniViewController.swift */,
			);
			path = "扫描动画";
			sourceTree = "<group>";
		};
		323C6C6F22802E83003C8359 /* 跳动动画 */ = {
			isa = PBXGroup;
			children = (
				323C6C6D22802E7D003C8359 /* WGBeatAniViewController.swift */,
			);
			path = "跳动动画";
			sourceTree = "<group>";
		};
		3251F25C2271892E0075498E /* CAEmitterCell粒子动画 */ = {
			isa = PBXGroup;
			children = (
				323C6C64227FFBB9003C8359 /* 大雪效果 */,
				3251F25E227189960075498E /* 霓虹效果 */,
				3251F25D2271898C0075498E /* 大火动画 */,
			);
			path = "CAEmitterCell粒子动画";
			sourceTree = "<group>";
		};
		3251F25D2271898C0075498E /* 大火动画 */ = {
			isa = PBXGroup;
			children = (
				3251F25F227189E10075498E /* WGFireAniViewController.swift */,
				3251F26122718D1C0075498E /* fire.png */,
			);
			path = "大火动画";
			sourceTree = "<group>";
		};
		3251F25E227189960075498E /* 霓虹效果 */ = {
			isa = PBXGroup;
			children = (
				3251F263227196930075498E /* WGNeonAniViewController.swift */,
				3251F2652271977B0075498E /* nenolight.png */,
			);
			path = "霓虹效果";
			sourceTree = "<group>";
		};
		32605C482283BF6E00118B4D /* 跳动的音符 */ = {
			isa = PBXGroup;
			children = (
				32605C492283C18000118B4D /* WGReplicatorViewController.swift */,
			);
			path = "跳动的音符";
			sourceTree = "<group>";
		};
		32605C4B2283D06A00118B4D /* CoverFlow效果 */ = {
			isa = PBXGroup;
			children = (
				32605C4C2283D09700118B4D /* WGCoverFlowViewController.swift */,
				32605C4E2283F44700118B4D /* 0.jpg */,
				32605C502283F44E00118B4D /* 1.jpg */,
				32605C522283F45600118B4D /* 2.jpg */,
			);
			path = "CoverFlow效果";
			sourceTree = "<group>";
		};
		32EFD5022282CE720037DE9B /* CAReplicatorLayer动画 */ = {
			isa = PBXGroup;
			children = (
				32605C482283BF6E00118B4D /* 跳动的音符 */,
				32EFD5052282CEB20037DE9B /* 地球公转 */,
			);
			path = "CAReplicatorLayer动画";
			sourceTree = "<group>";
		};
		32EFD5052282CEB20037DE9B /* 地球公转 */ = {
			isa = PBXGroup;
			children = (
				32EFD5032282CEA80037DE9B /* WGEarthAniViewController.swift */,
				32EFD5062282D2FD0037DE9B /* earth.png */,
				32EFD5082282D3070037DE9B /* sun.png */,
			);
			path = "地球公转";
			sourceTree = "<group>";
		};
/* End PBXGroup section */

/* Begin PBXNativeTarget section */
		322ACCD0226EA949009BF1CE /* WGCoreAnimation */ = {
			isa = PBXNativeTarget;
			buildConfigurationList = 322ACCF9226EA94A009BF1CE /* Build configuration list for PBXNativeTarget "WGCoreAnimation" */;
			buildPhases = (
				322ACCCD226EA949009BF1CE /* Sources */,
				322ACCCE226EA949009BF1CE /* Frameworks */,
				322ACCCF226EA949009BF1CE /* Resources */,
			);
			buildRules = (
			);
			dependencies = (
			);
			name = WGCoreAnimation;
			productName = WGCoreAnimation;
			productReference = 322ACCD1226EA949009BF1CE /* WGCoreAnimation.app */;
			productType = "com.apple.product-type.application";
		};
		322ACCE4226EA94A009BF1CE /* WGCoreAnimationTests */ = {
			isa = PBXNativeTarget;
			buildConfigurationList = 322ACCFC226EA94A009BF1CE /* Build configuration list for PBXNativeTarget "WGCoreAnimationTests" */;
			buildPhases = (
				322ACCE1226EA94A009BF1CE /* Sources */,
				322ACCE2226EA94A009BF1CE /* Frameworks */,
				322ACCE3226EA94A009BF1CE /* Resources */,
			);
			buildRules = (
			);
			dependencies = (
				322ACCE7226EA94A009BF1CE /* PBXTargetDependency */,
			);
			name = WGCoreAnimationTests;
			productName = WGCoreAnimationTests;
			productReference = 322ACCE5226EA94A009BF1CE /* WGCoreAnimationTests.xctest */;
			productType = "com.apple.product-type.bundle.unit-test";
		};
		322ACCEF226EA94A009BF1CE /* WGCoreAnimationUITests */ = {
			isa = PBXNativeTarget;
			buildConfigurationList = 322ACCFF226EA94A009BF1CE /* Build configuration list for PBXNativeTarget "WGCoreAnimationUITests" */;
			buildPhases = (
				322ACCEC226EA94A009BF1CE /* Sources */,
				322ACCED226EA94A009BF1CE /* Frameworks */,
				322ACCEE226EA94A009BF1CE /* Resources */,
			);
			buildRules = (
			);
			dependencies = (
				322ACCF2226EA94A009BF1CE /* PBXTargetDependency */,
			);
			name = WGCoreAnimationUITests;
			productName = WGCoreAnimationUITests;
			productReference = 322ACCF0226EA94A009BF1CE /* WGCoreAnimationUITests.xctest */;
			productType = "com.apple.product-type.bundle.ui-testing";
		};
/* End PBXNativeTarget section */

/* Begin PBXProject section */
		322ACCC9226EA948009BF1CE /* Project object */ = {
			isa = PBXProject;
			attributes = {
				CLASSPREFIX = WG;
				LastSwiftUpdateCheck = 1000;
				LastUpgradeCheck = 1000;
				ORGANIZATIONNAME = wanggang;
				TargetAttributes = {
					322ACCD0226EA949009BF1CE = {
						CreatedOnToolsVersion = 10.0;
					};
					322ACCE4226EA94A009BF1CE = {
						CreatedOnToolsVersion = 10.0;
						TestTargetID = 322ACCD0226EA949009BF1CE;
					};
					322ACCEF226EA94A009BF1CE = {
						CreatedOnToolsVersion = 10.0;
						TestTargetID = 322ACCD0226EA949009BF1CE;
					};
				};
			};
			buildConfigurationList = 322ACCCC226EA949009BF1CE /* Build configuration list for PBXProject "WGCoreAnimation" */;
			compatibilityVersion = "Xcode 9.3";
			developmentRegion = en;
			hasScannedForEncodings = 0;
			knownRegions = (
				en,
				Base,
			);
			mainGroup = 322ACCC8226EA948009BF1CE;
			productRefGroup = 322ACCD2226EA949009BF1CE /* Products */;
			projectDirPath = "";
			projectRoot = "";
			targets = (
				322ACCD0226EA949009BF1CE /* WGCoreAnimation */,
				322ACCE4226EA94A009BF1CE /* WGCoreAnimationTests */,
				322ACCEF226EA94A009BF1CE /* WGCoreAnimationUITests */,
			);
		};
/* End PBXProject section */

/* Begin PBXResourcesBuildPhase section */
		322ACCCF226EA949009BF1CE /* Resources */ = {
			isa = PBXResourcesBuildPhase;
			buildActionMask = 2147483647;
			files = (
				3251F2662271977C0075498E /* nenolight.png in Resources */,
				32EFD5092282D3070037DE9B /* sun.png in Resources */,
				32605C532283F45600118B4D /* 2.jpg in Resources */,
				323C6C68228000BC003C8359 /* snow.png in Resources */,
				32EFD5072282D2FD0037DE9B /* earth.png in Resources */,
				32605C4F2283F44700118B4D /* 0.jpg in Resources */,
				322ACCDF226EA94A009BF1CE /* LaunchScreen.storyboard in Resources */,
				32605C512283F44E00118B4D /* 1.jpg in Resources */,
				322ACCDC226EA94A009BF1CE /* Assets.xcassets in Resources */,
				3251F26222718D1C0075498E /* fire.png in Resources */,
			);
			runOnlyForDeploymentPostprocessing = 0;
		};
		322ACCE3226EA94A009BF1CE /* Resources */ = {
			isa = PBXResourcesBuildPhase;
			buildActionMask = 2147483647;
			files = (
			);
			runOnlyForDeploymentPostprocessing = 0;
		};
		322ACCEE226EA94A009BF1CE /* Resources */ = {
			isa = PBXResourcesBuildPhase;
			buildActionMask = 2147483647;
			files = (
			);
			runOnlyForDeploymentPostprocessing = 0;
		};
/* End PBXResourcesBuildPhase section */

/* Begin PBXSourcesBuildPhase section */
		322ACCCD226EA949009BF1CE /* Sources */ = {
			isa = PBXSourcesBuildPhase;
			buildActionMask = 2147483647;
			files = (
				3217A8A8228165E5004DA202 /* WGChartAniViewController.swift in Sources */,
				32605C4D2283D09700118B4D /* WGCoverFlowViewController.swift in Sources */,
				32EFD5012282B2C10037DE9B /* WGBarChartView.swift in Sources */,
				322ACD06226EAA1A009BF1CE /* WGSwiftProjectHeader.swift in Sources */,
				322ACD13226F0435009BF1CE /* WGWaterWaveBtn.swift in Sources */,
				322ACD09226EAB4B009BF1CE /* WGCALayerAnimationViewController.swift in Sources */,
				321DF40E2270033800739C50 /* WGCircleAniView.swift in Sources */,
				32605C4A2283C18000118B4D /* WGReplicatorViewController.swift in Sources */,
				321DF4102270035700739C50 /* WGButtnAniView.swift in Sources */,
				323C6C66227FFBD9003C8359 /* WGSnowAniViewController.swift in Sources */,
				3251F264227196930075498E /* WGNeonAniViewController.swift in Sources */,
				322ACCD7226EA949009BF1CE /* ViewController.swift in Sources */,
				323C6C6C22800683003C8359 /* WGScanAniViewController.swift in Sources */,
				322ACCD5226EA949009BF1CE /* AppDelegate.swift in Sources */,
				322ACD05226EAA1A009BF1CE /* UIView_WGFrame.swift in Sources */,
				3217A8AA2281843F004DA202 /* WGLineChartView.swift in Sources */,
				321DF4122270294600739C50 /* WGCircleBtnAniViewController.swift in Sources */,
				32EFD5042282CEA80037DE9B /* WGEarthAniViewController.swift in Sources */,
				323C6C6E22802E7D003C8359 /* WGBeatAniViewController.swift in Sources */,
				3251F260227189E10075498E /* WGFireAniViewController.swift in Sources */,
				322ACD15226F0E26009BF1CE /* WGWaterWaveBtnViewController.swift in Sources */,
			);
			runOnlyForDeploymentPostprocessing = 0;
		};
		322ACCE1226EA94A009BF1CE /* Sources */ = {
			isa = PBXSourcesBuildPhase;
			buildActionMask = 2147483647;
			files = (
				322ACCEA226EA94A009BF1CE /* WGCoreAnimationTests.swift in Sources */,
			);
			runOnlyForDeploymentPostprocessing = 0;
		};
		322ACCEC226EA94A009BF1CE /* Sources */ = {
			isa = PBXSourcesBuildPhase;
			buildActionMask = 2147483647;
			files = (
				322ACCF5226EA94A009BF1CE /* WGCoreAnimationUITests.swift in Sources */,
			);
			runOnlyForDeploymentPostprocessing = 0;
		};
/* End PBXSourcesBuildPhase section */

/* Begin PBXTargetDependency section */
		322ACCE7226EA94A009BF1CE /* PBXTargetDependency */ = {
			isa = PBXTargetDependency;
			target = 322ACCD0226EA949009BF1CE /* WGCoreAnimation */;
			targetProxy = 322ACCE6226EA94A009BF1CE /* PBXContainerItemProxy */;
		};
		322ACCF2226EA94A009BF1CE /* PBXTargetDependency */ = {
			isa = PBXTargetDependency;
			target = 322ACCD0226EA949009BF1CE /* WGCoreAnimation */;
			targetProxy = 322ACCF1226EA94A009BF1CE /* PBXContainerItemProxy */;
		};
/* End PBXTargetDependency section */

/* Begin PBXVariantGroup section */
		322ACCDD226EA94A009BF1CE /* LaunchScreen.storyboard */ = {
			isa = PBXVariantGroup;
			children = (
				322ACCDE226EA94A009BF1CE /* Base */,
			);
			name = LaunchScreen.storyboard;
			sourceTree = "<group>";
		};
/* End PBXVariantGroup section */

/* Begin XCBuildConfiguration section */
		322ACCF7226EA94A009BF1CE /* Debug */ = {
			isa = XCBuildConfiguration;
			buildSettings = {
				ALWAYS_SEARCH_USER_PATHS = NO;
				CLANG_ANALYZER_NONNULL = YES;
				CLANG_ANALYZER_NUMBER_OBJECT_CONVERSION = YES_AGGRESSIVE;
				CLANG_CXX_LANGUAGE_STANDARD = "gnu++14";
				CLANG_CXX_LIBRARY = "libc++";
				CLANG_ENABLE_MODULES = YES;
				CLANG_ENABLE_OBJC_ARC = YES;
				CLANG_ENABLE_OBJC_WEAK = YES;
				CLANG_WARN_BLOCK_CAPTURE_AUTORELEASING = YES;
				CLANG_WARN_BOOL_CONVERSION = YES;
				CLANG_WARN_COMMA = YES;
				CLANG_WARN_CONSTANT_CONVERSION = YES;
				CLANG_WARN_DEPRECATED_OBJC_IMPLEMENTATIONS = YES;
				CLANG_WARN_DIRECT_OBJC_ISA_USAGE = YES_ERROR;
				CLANG_WARN_DOCUMENTATION_COMMENTS = YES;
				CLANG_WARN_EMPTY_BODY = YES;
				CLANG_WARN_ENUM_CONVERSION = YES;
				CLANG_WARN_INFINITE_RECURSION = YES;
				CLANG_WARN_INT_CONVERSION = YES;
				CLANG_WARN_NON_LITERAL_NULL_CONVERSION = YES;
				CLANG_WARN_OBJC_IMPLICIT_RETAIN_SELF = YES;
				CLANG_WARN_OBJC_LITERAL_CONVERSION = YES;
				CLANG_WARN_OBJC_ROOT_CLASS = YES_ERROR;
				CLANG_WARN_RANGE_LOOP_ANALYSIS = YES;
				CLANG_WARN_STRICT_PROTOTYPES = YES;
				CLANG_WARN_SUSPICIOUS_MOVE = YES;
				CLANG_WARN_UNGUARDED_AVAILABILITY = YES_AGGRESSIVE;
				CLANG_WARN_UNREACHABLE_CODE = YES;
				CLANG_WARN__DUPLICATE_METHOD_MATCH = YES;
				CODE_SIGN_IDENTITY = "iPhone Developer";
				COPY_PHASE_STRIP = NO;
				DEBUG_INFORMATION_FORMAT = dwarf;
				ENABLE_STRICT_OBJC_MSGSEND = YES;
				ENABLE_TESTABILITY = YES;
				GCC_C_LANGUAGE_STANDARD = gnu11;
				GCC_DYNAMIC_NO_PIC = NO;
				GCC_NO_COMMON_BLOCKS = YES;
				GCC_OPTIMIZATION_LEVEL = 0;
				GCC_PREPROCESSOR_DEFINITIONS = (
					"DEBUG=1",
					"$(inherited)",
				);
				GCC_WARN_64_TO_32_BIT_CONVERSION = YES;
				GCC_WARN_ABOUT_RETURN_TYPE = YES_ERROR;
				GCC_WARN_UNDECLARED_SELECTOR = YES;
				GCC_WARN_UNINITIALIZED_AUTOS = YES_AGGRESSIVE;
				GCC_WARN_UNUSED_FUNCTION = YES;
				GCC_WARN_UNUSED_VARIABLE = YES;
				IPHONEOS_DEPLOYMENT_TARGET = 12.0;
				MTL_ENABLE_DEBUG_INFO = INCLUDE_SOURCE;
				MTL_FAST_MATH = YES;
				ONLY_ACTIVE_ARCH = YES;
				SDKROOT = iphoneos;
				SWIFT_ACTIVE_COMPILATION_CONDITIONS = DEBUG;
				SWIFT_OPTIMIZATION_LEVEL = "-Onone";
			};
			name = Debug;
		};
		322ACCF8226EA94A009BF1CE /* Release */ = {
			isa = XCBuildConfiguration;
			buildSettings = {
				ALWAYS_SEARCH_USER_PATHS = NO;
				CLANG_ANALYZER_NONNULL = YES;
				CLANG_ANALYZER_NUMBER_OBJECT_CONVERSION = YES_AGGRESSIVE;
				CLANG_CXX_LANGUAGE_STANDARD = "gnu++14";
				CLANG_CXX_LIBRARY = "libc++";
				CLANG_ENABLE_MODULES = YES;
				CLANG_ENABLE_OBJC_ARC = YES;
				CLANG_ENABLE_OBJC_WEAK = YES;
				CLANG_WARN_BLOCK_CAPTURE_AUTORELEASING = YES;
				CLANG_WARN_BOOL_CONVERSION = YES;
				CLANG_WARN_COMMA = YES;
				CLANG_WARN_CONSTANT_CONVERSION = YES;
				CLANG_WARN_DEPRECATED_OBJC_IMPLEMENTATIONS = YES;
				CLANG_WARN_DIRECT_OBJC_ISA_USAGE = YES_ERROR;
				CLANG_WARN_DOCUMENTATION_COMMENTS = YES;
				CLANG_WARN_EMPTY_BODY = YES;
				CLANG_WARN_ENUM_CONVERSION = YES;
				CLANG_WARN_INFINITE_RECURSION = YES;
				CLANG_WARN_INT_CONVERSION = YES;
				CLANG_WARN_NON_LITERAL_NULL_CONVERSION = YES;
				CLANG_WARN_OBJC_IMPLICIT_RETAIN_SELF = YES;
				CLANG_WARN_OBJC_LITERAL_CONVERSION = YES;
				CLANG_WARN_OBJC_ROOT_CLASS = YES_ERROR;
				CLANG_WARN_RANGE_LOOP_ANALYSIS = YES;
				CLANG_WARN_STRICT_PROTOTYPES = YES;
				CLANG_WARN_SUSPICIOUS_MOVE = YES;
				CLANG_WARN_UNGUARDED_AVAILABILITY = YES_AGGRESSIVE;
				CLANG_WARN_UNREACHABLE_CODE = YES;
				CLANG_WARN__DUPLICATE_METHOD_MATCH = YES;
				CODE_SIGN_IDENTITY = "iPhone Developer";
				COPY_PHASE_STRIP = NO;
				DEBUG_INFORMATION_FORMAT = "dwarf-with-dsym";
				ENABLE_NS_ASSERTIONS = NO;
				ENABLE_STRICT_OBJC_MSGSEND = YES;
				GCC_C_LANGUAGE_STANDARD = gnu11;
				GCC_NO_COMMON_BLOCKS = YES;
				GCC_WARN_64_TO_32_BIT_CONVERSION = YES;
				GCC_WARN_ABOUT_RETURN_TYPE = YES_ERROR;
				GCC_WARN_UNDECLARED_SELECTOR = YES;
				GCC_WARN_UNINITIALIZED_AUTOS = YES_AGGRESSIVE;
				GCC_WARN_UNUSED_FUNCTION = YES;
				GCC_WARN_UNUSED_VARIABLE = YES;
				IPHONEOS_DEPLOYMENT_TARGET = 12.0;
				MTL_ENABLE_DEBUG_INFO = NO;
				MTL_FAST_MATH = YES;
				SDKROOT = iphoneos;
				SWIFT_COMPILATION_MODE = wholemodule;
				SWIFT_OPTIMIZATION_LEVEL = "-O";
				VALIDATE_PRODUCT = YES;
			};
			name = Release;
		};
		322ACCFA226EA94A009BF1CE /* Debug */ = {
			isa = XCBuildConfiguration;
			buildSettings = {
				ASSETCATALOG_COMPILER_APPICON_NAME = AppIcon;
				CODE_SIGN_STYLE = Automatic;
				DEVELOPMENT_TEAM = 49T87S5RLN;
				INFOPLIST_FILE = WGCoreAnimation/main/Info.plist;
				LD_RUNPATH_SEARCH_PATHS = (
					"$(inherited)",
					"@executable_path/Frameworks",
				);
				PRODUCT_BUNDLE_IDENTIFIER = com.bozhong.WGCoreAnimation;
				PRODUCT_NAME = "$(TARGET_NAME)";
				SWIFT_VERSION = 4.2;
				TARGETED_DEVICE_FAMILY = "1,2";
			};
			name = Debug;
		};
		322ACCFB226EA94A009BF1CE /* Release */ = {
			isa = XCBuildConfiguration;
			buildSettings = {
				ASSETCATALOG_COMPILER_APPICON_NAME = AppIcon;
				CODE_SIGN_STYLE = Automatic;
				DEVELOPMENT_TEAM = 49T87S5RLN;
				INFOPLIST_FILE = WGCoreAnimation/main/Info.plist;
				LD_RUNPATH_SEARCH_PATHS = (
					"$(inherited)",
					"@executable_path/Frameworks",
				);
				PRODUCT_BUNDLE_IDENTIFIER = com.bozhong.WGCoreAnimation;
				PRODUCT_NAME = "$(TARGET_NAME)";
				SWIFT_VERSION = 4.2;
				TARGETED_DEVICE_FAMILY = "1,2";
			};
			name = Release;
		};
		322ACCFD226EA94A009BF1CE /* Debug */ = {
			isa = XCBuildConfiguration;
			buildSettings = {
				ALWAYS_EMBED_SWIFT_STANDARD_LIBRARIES = YES;
				BUNDLE_LOADER = "$(TEST_HOST)";
				CODE_SIGN_STYLE = Automatic;
				DEVELOPMENT_TEAM = 49T87S5RLN;
				INFOPLIST_FILE = WGCoreAnimationTests/Info.plist;
				LD_RUNPATH_SEARCH_PATHS = (
					"$(inherited)",
					"@executable_path/Frameworks",
					"@loader_path/Frameworks",
				);
				PRODUCT_BUNDLE_IDENTIFIER = com.bozhong.WGCoreAnimationTests;
				PRODUCT_NAME = "$(TARGET_NAME)";
				SWIFT_VERSION = 4.2;
				TARGETED_DEVICE_FAMILY = "1,2";
				TEST_HOST = "$(BUILT_PRODUCTS_DIR)/WGCoreAnimation.app/WGCoreAnimation";
			};
			name = Debug;
		};
		322ACCFE226EA94A009BF1CE /* Release */ = {
			isa = XCBuildConfiguration;
			buildSettings = {
				ALWAYS_EMBED_SWIFT_STANDARD_LIBRARIES = YES;
				BUNDLE_LOADER = "$(TEST_HOST)";
				CODE_SIGN_STYLE = Automatic;
				DEVELOPMENT_TEAM = 49T87S5RLN;
				INFOPLIST_FILE = WGCoreAnimationTests/Info.plist;
				LD_RUNPATH_SEARCH_PATHS = (
					"$(inherited)",
					"@executable_path/Frameworks",
					"@loader_path/Frameworks",
				);
				PRODUCT_BUNDLE_IDENTIFIER = com.bozhong.WGCoreAnimationTests;
				PRODUCT_NAME = "$(TARGET_NAME)";
				SWIFT_VERSION = 4.2;
				TARGETED_DEVICE_FAMILY = "1,2";
				TEST_HOST = "$(BUILT_PRODUCTS_DIR)/WGCoreAnimation.app/WGCoreAnimation";
			};
			name = Release;
		};
		322ACD00226EA94A009BF1CE /* Debug */ = {
			isa = XCBuildConfiguration;
			buildSettings = {
				ALWAYS_EMBED_SWIFT_STANDARD_LIBRARIES = YES;
				CODE_SIGN_STYLE = Automatic;
				DEVELOPMENT_TEAM = 49T87S5RLN;
				INFOPLIST_FILE = WGCoreAnimationUITests/Info.plist;
				LD_RUNPATH_SEARCH_PATHS = (
					"$(inherited)",
					"@executable_path/Frameworks",
					"@loader_path/Frameworks",
				);
				PRODUCT_BUNDLE_IDENTIFIER = com.bozhong.WGCoreAnimationUITests;
				PRODUCT_NAME = "$(TARGET_NAME)";
				SWIFT_VERSION = 4.2;
				TARGETED_DEVICE_FAMILY = "1,2";
				TEST_TARGET_NAME = WGCoreAnimation;
			};
			name = Debug;
		};
		322ACD01226EA94A009BF1CE /* Release */ = {
			isa = XCBuildConfiguration;
			buildSettings = {
				ALWAYS_EMBED_SWIFT_STANDARD_LIBRARIES = YES;
				CODE_SIGN_STYLE = Automatic;
				DEVELOPMENT_TEAM = 49T87S5RLN;
				INFOPLIST_FILE = WGCoreAnimationUITests/Info.plist;
				LD_RUNPATH_SEARCH_PATHS = (
					"$(inherited)",
					"@executable_path/Frameworks",
					"@loader_path/Frameworks",
				);
				PRODUCT_BUNDLE_IDENTIFIER = com.bozhong.WGCoreAnimationUITests;
				PRODUCT_NAME = "$(TARGET_NAME)";
				SWIFT_VERSION = 4.2;
				TARGETED_DEVICE_FAMILY = "1,2";
				TEST_TARGET_NAME = WGCoreAnimation;
			};
			name = Release;
		};
/* End XCBuildConfiguration section */

/* Begin XCConfigurationList section */
		322ACCCC226EA949009BF1CE /* Build configuration list for PBXProject "WGCoreAnimation" */ = {
			isa = XCConfigurationList;
			buildConfigurations = (
				322ACCF7226EA94A009BF1CE /* Debug */,
				322ACCF8226EA94A009BF1CE /* Release */,
			);
			defaultConfigurationIsVisible = 0;
			defaultConfigurationName = Release;
		};
		322ACCF9226EA94A009BF1CE /* Build configuration list for PBXNativeTarget "WGCoreAnimation" */ = {
			isa = XCConfigurationList;
			buildConfigurations = (
				322ACCFA226EA94A009BF1CE /* Debug */,
				322ACCFB226EA94A009BF1CE /* Release */,
			);
			defaultConfigurationIsVisible = 0;
			defaultConfigurationName = Release;
		};
		322ACCFC226EA94A009BF1CE /* Build configuration list for PBXNativeTarget "WGCoreAnimationTests" */ = {
			isa = XCConfigurationList;
			buildConfigurations = (
				322ACCFD226EA94A009BF1CE /* Debug */,
				322ACCFE226EA94A009BF1CE /* Release */,
			);
			defaultConfigurationIsVisible = 0;
			defaultConfigurationName = Release;
		};
		322ACCFF226EA94A009BF1CE /* Build configuration list for PBXNativeTarget "WGCoreAnimationUITests" */ = {
			isa = XCConfigurationList;
			buildConfigurations = (
				322ACD00226EA94A009BF1CE /* Debug */,
				322ACD01226EA94A009BF1CE /* Release */,
			);
			defaultConfigurationIsVisible = 0;
			defaultConfigurationName = Release;
		};
/* End XCConfigurationList section */
	};
	rootObject = 322ACCC9226EA948009BF1CE /* Project object */;
}
