// !$*UTF8*$!
{
	archiveVersion = 1;
	classes = {
	};
	objectVersion = 50;
	objects = {

/* Begin PBXBuildFile section */
		322757EA225D912D000E786E /* WGUISlider.m in Sources */ = {isa = PBXBuildFile; fileRef = 322757E9225D912D000E786E /* WGUISlider.m */; };
		323B62F5225C82E200C47483 /* WGBezierPathViewController.m in Sources */ = {isa = PBXBuildFile; fileRef = 323B62F4225C82E200C47483 /* WGBezierPathViewController.m */; };
		323B62F8225C834600C47483 /* WGCircleView.m in Sources */ = {isa = PBXBuildFile; fileRef = 323B62F7225C834600C47483 /* WGCircleView.m */; };
		323B62FB225C837200C47483 /* WGCircleLayer.m in Sources */ = {isa = PBXBuildFile; fileRef = 323B62FA225C837200C47483 /* WGCircleLayer.m */; };
		32B77E84212A888300E4F714 /* WGTranslationViewController.m in Sources */ = {isa = PBXBuildFile; fileRef = 32B77E83212A888300E4F714 /* WGTranslationViewController.m */; };
		32B77E87212ABAC200E4F714 /* WGSmileFaceViewController.m in Sources */ = {isa = PBXBuildFile; fileRef = 32B77E86212ABAC200E4F714 /* WGSmileFaceViewController.m */; };
		32B77E8A212AC3B100E4F714 /* WGHeartViewController.m in Sources */ = {isa = PBXBuildFile; fileRef = 32B77E89212AC3B100E4F714 /* WGHeartViewController.m */; };
		32BEB01D2126633500CDA0A7 /* AppDelegate.m in Sources */ = {isa = PBXBuildFile; fileRef = 32BEB01C2126633500CDA0A7 /* AppDelegate.m */; };
		32BEB0202126633500CDA0A7 /* ViewController.m in Sources */ = {isa = PBXBuildFile; fileRef = 32BEB01F2126633500CDA0A7 /* ViewController.m */; };
		32BEB0252126633700CDA0A7 /* Assets.xcassets in Resources */ = {isa = PBXBuildFile; fileRef = 32BEB0242126633700CDA0A7 /* Assets.xcassets */; };
		32BEB0282126633700CDA0A7 /* LaunchScreen.storyboard in Resources */ = {isa = PBXBuildFile; fileRef = 32BEB0262126633700CDA0A7 /* LaunchScreen.storyboard */; };
		32BEB02B2126633700CDA0A7 /* main.m in Sources */ = {isa = PBXBuildFile; fileRef = 32BEB02A2126633700CDA0A7 /* main.m */; };
		32BEB0352126633700CDA0A7 /* WGAnimationTests.m in Sources */ = {isa = PBXBuildFile; fileRef = 32BEB0342126633700CDA0A7 /* WGAnimationTests.m */; };
		32BEB0402126633700CDA0A7 /* WGAnimationUITests.m in Sources */ = {isa = PBXBuildFile; fileRef = 32BEB03F2126633700CDA0A7 /* WGAnimationUITests.m */; };
		32BEB05221266DB600CDA0A7 /* WGClockViewController.m in Sources */ = {isa = PBXBuildFile; fileRef = 32BEB05121266DB600CDA0A7 /* WGClockViewController.m */; };
		32BEB058212672C200CDA0A7 /* UIView+WGViewRect.m in Sources */ = {isa = PBXBuildFile; fileRef = 32BEB057212672C200CDA0A7 /* UIView+WGViewRect.m */; };
		32BEB05B2126A7EC00CDA0A7 /* WGLearnConceptViewController.m in Sources */ = {isa = PBXBuildFile; fileRef = 32BEB05A2126A7EC00CDA0A7 /* WGLearnConceptViewController.m */; };
		32BEB05D2126AABA00CDA0A7 /* clock.png in Resources */ = {isa = PBXBuildFile; fileRef = 32BEB05C2126AABA00CDA0A7 /* clock.png */; };
		32DCF2DD213CCF6E00F3826E /* heart.jpeg in Resources */ = {isa = PBXBuildFile; fileRef = 32DCF2DC213CCF6E00F3826E /* heart.jpeg */; };
		32DCF2E0213CE10F00F3826E /* WGCAKeyframeAnimationViewController.m in Sources */ = {isa = PBXBuildFile; fileRef = 32DCF2DF213CE10F00F3826E /* WGCAKeyframeAnimationViewController.m */; };
		32DCF2EC213D153C00F3826E /* logo.png in Resources */ = {isa = PBXBuildFile; fileRef = 32DCF2E9213D153B00F3826E /* logo.png */; };
		32DCF2EF213D159700F3826E /* WGMaskViewController.m in Sources */ = {isa = PBXBuildFile; fileRef = 32DCF2EE213D159700F3826E /* WGMaskViewController.m */; };
		32DCF2F3213D2FBF00F3826E /* feiji.png in Resources */ = {isa = PBXBuildFile; fileRef = 32DCF2F2213D2FBF00F3826E /* feiji.png */; };
		32DCF2FA213D323500F3826E /* HuMenuBtn.m in Sources */ = {isa = PBXBuildFile; fileRef = 32DCF2F8213D323500F3826E /* HuMenuBtn.m */; };
		32DCF2FB213D323500F3826E /* HuMenuBtnView.m in Sources */ = {isa = PBXBuildFile; fileRef = 32DCF2F9213D323500F3826E /* HuMenuBtnView.m */; };
		32DCF2FE213D329800F3826E /* WGMenuViewController.m in Sources */ = {isa = PBXBuildFile; fileRef = 32DCF2FD213D329800F3826E /* WGMenuViewController.m */; };
/* End PBXBuildFile section */

/* Begin PBXContainerItemProxy section */
		32BEB0312126633700CDA0A7 /* PBXContainerItemProxy */ = {
			isa = PBXContainerItemProxy;
			containerPortal = 32BEB0102126633500CDA0A7 /* Project object */;
			proxyType = 1;
			remoteGlobalIDString = 32BEB0172126633500CDA0A7;
			remoteInfo = WGAnimation;
		};
		32BEB03C2126633700CDA0A7 /* PBXContainerItemProxy */ = {
			isa = PBXContainerItemProxy;
			containerPortal = 32BEB0102126633500CDA0A7 /* Project object */;
			proxyType = 1;
			remoteGlobalIDString = 32BEB0172126633500CDA0A7;
			remoteInfo = WGAnimation;
		};
/* End PBXContainerItemProxy section */

/* Begin PBXFileReference section */
		322757E8225D912D000E786E /* WGUISlider.h */ = {isa = PBXFileReference; lastKnownFileType = sourcecode.c.h; name = WGUISlider.h; path = WGAnimation/tools/WGUISlider.h; sourceTree = SOURCE_ROOT; };
		322757E9225D912D000E786E /* WGUISlider.m */ = {isa = PBXFileReference; lastKnownFileType = sourcecode.c.objc; name = WGUISlider.m; path = WGAnimation/tools/WGUISlider.m; sourceTree = SOURCE_ROOT; };
		323B62F3225C82E200C47483 /* WGBezierPathViewController.h */ = {isa = PBXFileReference; lastKnownFileType = sourcecode.c.h; path = WGBezierPathViewController.h; sourceTree = "<group>"; };
		323B62F4225C82E200C47483 /* WGBezierPathViewController.m */ = {isa = PBXFileReference; lastKnownFileType = sourcecode.c.objc; path = WGBezierPathViewController.m; sourceTree = "<group>"; };
		323B62F6225C834600C47483 /* WGCircleView.h */ = {isa = PBXFileReference; lastKnownFileType = sourcecode.c.h; path = WGCircleView.h; sourceTree = "<group>"; };
		323B62F7225C834600C47483 /* WGCircleView.m */ = {isa = PBXFileReference; lastKnownFileType = sourcecode.c.objc; path = WGCircleView.m; sourceTree = "<group>"; };
		323B62F9225C837200C47483 /* WGCircleLayer.h */ = {isa = PBXFileReference; lastKnownFileType = sourcecode.c.h; path = WGCircleLayer.h; sourceTree = "<group>"; };
		323B62FA225C837200C47483 /* WGCircleLayer.m */ = {isa = PBXFileReference; lastKnownFileType = sourcecode.c.objc; path = WGCircleLayer.m; sourceTree = "<group>"; };
		32B77E82212A888300E4F714 /* WGTranslationViewController.h */ = {isa = PBXFileReference; lastKnownFileType = sourcecode.c.h; path = WGTranslationViewController.h; sourceTree = "<group>"; };
		32B77E83212A888300E4F714 /* WGTranslationViewController.m */ = {isa = PBXFileReference; lastKnownFileType = sourcecode.c.objc; path = WGTranslationViewController.m; sourceTree = "<group>"; };
		32B77E85212ABAC200E4F714 /* WGSmileFaceViewController.h */ = {isa = PBXFileReference; lastKnownFileType = sourcecode.c.h; path = WGSmileFaceViewController.h; sourceTree = "<group>"; };
		32B77E86212ABAC200E4F714 /* WGSmileFaceViewController.m */ = {isa = PBXFileReference; lastKnownFileType = sourcecode.c.objc; path = WGSmileFaceViewController.m; sourceTree = "<group>"; };
		32B77E88212AC3B100E4F714 /* WGHeartViewController.h */ = {isa = PBXFileReference; lastKnownFileType = sourcecode.c.h; path = WGHeartViewController.h; sourceTree = "<group>"; };
		32B77E89212AC3B100E4F714 /* WGHeartViewController.m */ = {isa = PBXFileReference; lastKnownFileType = sourcecode.c.objc; path = WGHeartViewController.m; sourceTree = "<group>"; };
		32BEB0182126633500CDA0A7 /* WGAnimation.app */ = {isa = PBXFileReference; explicitFileType = wrapper.application; includeInIndex = 0; path = WGAnimation.app; sourceTree = BUILT_PRODUCTS_DIR; };
		32BEB01B2126633500CDA0A7 /* AppDelegate.h */ = {isa = PBXFileReference; lastKnownFileType = sourcecode.c.h; path = AppDelegate.h; sourceTree = "<group>"; };
		32BEB01C2126633500CDA0A7 /* AppDelegate.m */ = {isa = PBXFileReference; lastKnownFileType = sourcecode.c.objc; path = AppDelegate.m; sourceTree = "<group>"; };
		32BEB01E2126633500CDA0A7 /* ViewController.h */ = {isa = PBXFileReference; lastKnownFileType = sourcecode.c.h; path = ViewController.h; sourceTree = "<group>"; };
		32BEB01F2126633500CDA0A7 /* ViewController.m */ = {isa = PBXFileReference; lastKnownFileType = sourcecode.c.objc; path = ViewController.m; sourceTree = "<group>"; };
		32BEB0242126633700CDA0A7 /* Assets.xcassets */ = {isa = PBXFileReference; lastKnownFileType = folder.assetcatalog; path = Assets.xcassets; sourceTree = "<group>"; };
		32BEB0272126633700CDA0A7 /* Base */ = {isa = PBXFileReference; lastKnownFileType = file.storyboard; name = Base; path = Base.lproj/LaunchScreen.storyboard; sourceTree = "<group>"; };
		32BEB0292126633700CDA0A7 /* Info.plist */ = {isa = PBXFileReference; lastKnownFileType = text.plist.xml; path = Info.plist; sourceTree = "<group>"; };
		32BEB02A2126633700CDA0A7 /* main.m */ = {isa = PBXFileReference; lastKnownFileType = sourcecode.c.objc; path = main.m; sourceTree = "<group>"; };
		32BEB0302126633700CDA0A7 /* WGAnimationTests.xctest */ = {isa = PBXFileReference; explicitFileType = wrapper.cfbundle; includeInIndex = 0; path = WGAnimationTests.xctest; sourceTree = BUILT_PRODUCTS_DIR; };
		32BEB0342126633700CDA0A7 /* WGAnimationTests.m */ = {isa = PBXFileReference; lastKnownFileType = sourcecode.c.objc; path = WGAnimationTests.m; sourceTree = "<group>"; };
		32BEB0362126633700CDA0A7 /* Info.plist */ = {isa = PBXFileReference; lastKnownFileType = text.plist.xml; path = Info.plist; sourceTree = "<group>"; };
		32BEB03B2126633700CDA0A7 /* WGAnimationUITests.xctest */ = {isa = PBXFileReference; explicitFileType = wrapper.cfbundle; includeInIndex = 0; path = WGAnimationUITests.xctest; sourceTree = BUILT_PRODUCTS_DIR; };
		32BEB03F2126633700CDA0A7 /* WGAnimationUITests.m */ = {isa = PBXFileReference; lastKnownFileType = sourcecode.c.objc; path = WGAnimationUITests.m; sourceTree = "<group>"; };
		32BEB0412126633700CDA0A7 /* Info.plist */ = {isa = PBXFileReference; lastKnownFileType = text.plist.xml; path = Info.plist; sourceTree = "<group>"; };
		32BEB04D2126663500CDA0A7 /* WGAnimation.pch */ = {isa = PBXFileReference; lastKnownFileType = sourcecode.c.h; path = WGAnimation.pch; sourceTree = "<group>"; };
		32BEB04F2126673000CDA0A7 /* WGDefine.h */ = {isa = PBXFileReference; lastKnownFileType = sourcecode.c.h; path = WGDefine.h; sourceTree = "<group>"; };
		32BEB05021266DB600CDA0A7 /* WGClockViewController.h */ = {isa = PBXFileReference; lastKnownFileType = sourcecode.c.h; path = WGClockViewController.h; sourceTree = "<group>"; };
		32BEB05121266DB600CDA0A7 /* WGClockViewController.m */ = {isa = PBXFileReference; lastKnownFileType = sourcecode.c.objc; path = WGClockViewController.m; sourceTree = "<group>"; };
		32BEB056212672C200CDA0A7 /* UIView+WGViewRect.h */ = {isa = PBXFileReference; lastKnownFileType = sourcecode.c.h; path = "UIView+WGViewRect.h"; sourceTree = "<group>"; };
		32BEB057212672C200CDA0A7 /* UIView+WGViewRect.m */ = {isa = PBXFileReference; lastKnownFileType = sourcecode.c.objc; path = "UIView+WGViewRect.m"; sourceTree = "<group>"; };
		32BEB0592126A7EC00CDA0A7 /* WGLearnConceptViewController.h */ = {isa = PBXFileReference; lastKnownFileType = sourcecode.c.h; path = WGLearnConceptViewController.h; sourceTree = "<group>"; };
		32BEB05A2126A7EC00CDA0A7 /* WGLearnConceptViewController.m */ = {isa = PBXFileReference; lastKnownFileType = sourcecode.c.objc; path = WGLearnConceptViewController.m; sourceTree = "<group>"; };
		32BEB05C2126AABA00CDA0A7 /* clock.png */ = {isa = PBXFileReference; lastKnownFileType = image.png; path = clock.png; sourceTree = "<group>"; };
		32DCF2DC213CCF6E00F3826E /* heart.jpeg */ = {isa = PBXFileReference; lastKnownFileType = image.jpeg; path = heart.jpeg; sourceTree = "<group>"; };
		32DCF2DE213CE10F00F3826E /* WGCAKeyframeAnimationViewController.h */ = {isa = PBXFileReference; lastKnownFileType = sourcecode.c.h; path = WGCAKeyframeAnimationViewController.h; sourceTree = "<group>"; };
		32DCF2DF213CE10F00F3826E /* WGCAKeyframeAnimationViewController.m */ = {isa = PBXFileReference; lastKnownFileType = sourcecode.c.objc; path = WGCAKeyframeAnimationViewController.m; sourceTree = "<group>"; };
		32DCF2E9213D153B00F3826E /* logo.png */ = {isa = PBXFileReference; lastKnownFileType = image.png; path = logo.png; sourceTree = "<group>"; };
		32DCF2ED213D159700F3826E /* WGMaskViewController.h */ = {isa = PBXFileReference; lastKnownFileType = sourcecode.c.h; path = WGMaskViewController.h; sourceTree = "<group>"; };
		32DCF2EE213D159700F3826E /* WGMaskViewController.m */ = {isa = PBXFileReference; lastKnownFileType = sourcecode.c.objc; path = WGMaskViewController.m; sourceTree = "<group>"; };
		32DCF2F2213D2FBF00F3826E /* feiji.png */ = {isa = PBXFileReference; lastKnownFileType = image.png; path = feiji.png; sourceTree = "<group>"; };
		32DCF2F6213D323400F3826E /* HuMenuBtn.h */ = {isa = PBXFileReference; fileEncoding = 4; lastKnownFileType = sourcecode.c.h; path = HuMenuBtn.h; sourceTree = "<group>"; };
		32DCF2F7213D323400F3826E /* HuMenuBtnView.h */ = {isa = PBXFileReference; fileEncoding = 4; lastKnownFileType = sourcecode.c.h; path = HuMenuBtnView.h; sourceTree = "<group>"; };
		32DCF2F8213D323500F3826E /* HuMenuBtn.m */ = {isa = PBXFileReference; fileEncoding = 4; lastKnownFileType = sourcecode.c.objc; path = HuMenuBtn.m; sourceTree = "<group>"; };
		32DCF2F9213D323500F3826E /* HuMenuBtnView.m */ = {isa = PBXFileReference; fileEncoding = 4; lastKnownFileType = sourcecode.c.objc; path = HuMenuBtnView.m; sourceTree = "<group>"; };
		32DCF2FC213D329800F3826E /* WGMenuViewController.h */ = {isa = PBXFileReference; lastKnownFileType = sourcecode.c.h; path = WGMenuViewController.h; sourceTree = "<group>"; };
		32DCF2FD213D329800F3826E /* WGMenuViewController.m */ = {isa = PBXFileReference; lastKnownFileType = sourcecode.c.objc; path = WGMenuViewController.m; sourceTree = "<group>"; };
/* End PBXFileReference section */

/* Begin PBXFrameworksBuildPhase section */
		32BEB0152126633500CDA0A7 /* Frameworks */ = {
			isa = PBXFrameworksBuildPhase;
			buildActionMask = 2147483647;
			files = (
			);
			runOnlyForDeploymentPostprocessing = 0;
		};
		32BEB02D2126633700CDA0A7 /* Frameworks */ = {
			isa = PBXFrameworksBuildPhase;
			buildActionMask = 2147483647;
			files = (
			);
			runOnlyForDeploymentPostprocessing = 0;
		};
		32BEB0382126633700CDA0A7 /* Frameworks */ = {
			isa = PBXFrameworksBuildPhase;
			buildActionMask = 2147483647;
			files = (
			);
			runOnlyForDeploymentPostprocessing = 0;
		};
/* End PBXFrameworksBuildPhase section */

/* Begin PBXGroup section */
		323B62E7225C7E1D00C47483 /* 概念学习 */ = {
			isa = PBXGroup;
			children = (
				32BEB0592126A7EC00CDA0A7 /* WGLearnConceptViewController.h */,
				32BEB05A2126A7EC00CDA0A7 /* WGLearnConceptViewController.m */,
			);
			path = "概念学习";
			sourceTree = "<group>";
		};
		323B62E8225C7E5300C47483 /* 绘制时钟 */ = {
			isa = PBXGroup;
			children = (
				32BEB05021266DB600CDA0A7 /* WGClockViewController.h */,
				32BEB05121266DB600CDA0A7 /* WGClockViewController.m */,
			);
			path = "绘制时钟";
			sourceTree = "<group>";
		};
		323B62E9225C7E6800C47483 /* 平移旋转 */ = {
			isa = PBXGroup;
			children = (
				32B77E82212A888300E4F714 /* WGTranslationViewController.h */,
				32B77E83212A888300E4F714 /* WGTranslationViewController.m */,
			);
			path = "平移旋转";
			sourceTree = "<group>";
		};
		323B62EA225C7E8700C47483 /* 笑脸 */ = {
			isa = PBXGroup;
			children = (
				32B77E85212ABAC200E4F714 /* WGSmileFaceViewController.h */,
				32B77E86212ABAC200E4F714 /* WGSmileFaceViewController.m */,
			);
			path = "笑脸";
			sourceTree = "<group>";
		};
		323B62EB225C7E9E00C47483 /* 心跳 */ = {
			isa = PBXGroup;
			children = (
				32B77E88212AC3B100E4F714 /* WGHeartViewController.h */,
				32B77E89212AC3B100E4F714 /* WGHeartViewController.m */,
			);
			path = "心跳";
			sourceTree = "<group>";
		};
		323B62EC225C7EB400C47483 /* 关键帧 */ = {
			isa = PBXGroup;
			children = (
				32DCF2DE213CE10F00F3826E /* WGCAKeyframeAnimationViewController.h */,
				32DCF2DF213CE10F00F3826E /* WGCAKeyframeAnimationViewController.m */,
			);
			path = "关键帧";
			sourceTree = "<group>";
		};
		323B62ED225C7ECC00C47483 /* mask遮罩层 */ = {
			isa = PBXGroup;
			children = (
				32DCF2ED213D159700F3826E /* WGMaskViewController.h */,
				32DCF2EE213D159700F3826E /* WGMaskViewController.m */,
			);
			path = "mask遮罩层";
			sourceTree = "<group>";
		};
		323B62EE225C7EDE00C47483 /* 扇形菜单 */ = {
			isa = PBXGroup;
			children = (
				32DCF2FC213D329800F3826E /* WGMenuViewController.h */,
				32DCF2FD213D329800F3826E /* WGMenuViewController.m */,
				32DCF2F6213D323400F3826E /* HuMenuBtn.h */,
				32DCF2F8213D323500F3826E /* HuMenuBtn.m */,
				32DCF2F7213D323400F3826E /* HuMenuBtnView.h */,
				32DCF2F9213D323500F3826E /* HuMenuBtnView.m */,
			);
			path = "扇形菜单";
			sourceTree = "<group>";
		};
		323B62EF225C7EFC00C47483 /* main */ = {
			isa = PBXGroup;
			children = (
				32BEB0262126633700CDA0A7 /* LaunchScreen.storyboard */,
				32BEB0242126633700CDA0A7 /* Assets.xcassets */,
				32BEB01B2126633500CDA0A7 /* AppDelegate.h */,
				32BEB01C2126633500CDA0A7 /* AppDelegate.m */,
				32BEB01E2126633500CDA0A7 /* ViewController.h */,
				32BEB01F2126633500CDA0A7 /* ViewController.m */,
				32BEB04D2126663500CDA0A7 /* WGAnimation.pch */,
				32BEB04F2126673000CDA0A7 /* WGDefine.h */,
				32BEB0292126633700CDA0A7 /* Info.plist */,
				32BEB02A2126633700CDA0A7 /* main.m */,
			);
			path = main;
			sourceTree = "<group>";
		};
		323B62F0225C7F2900C47483 /* tools */ = {
			isa = PBXGroup;
			children = (
				32BEB056212672C200CDA0A7 /* UIView+WGViewRect.h */,
				32BEB057212672C200CDA0A7 /* UIView+WGViewRect.m */,
				322757E8225D912D000E786E /* WGUISlider.h */,
				322757E9225D912D000E786E /* WGUISlider.m */,
			);
			path = tools;
			sourceTree = "<group>";
		};
		323B62F1225C7F6B00C47483 /* resources */ = {
			isa = PBXGroup;
			children = (
				32BEB05C2126AABA00CDA0A7 /* clock.png */,
				32DCF2F2213D2FBF00F3826E /* feiji.png */,
				32DCF2DC213CCF6E00F3826E /* heart.jpeg */,
				32DCF2E9213D153B00F3826E /* logo.png */,
			);
			path = resources;
			sourceTree = "<group>";
		};
		323B62F2225C81A900C47483 /* 贝塞尔曲线 */ = {
			isa = PBXGroup;
			children = (
				323B62F3225C82E200C47483 /* WGBezierPathViewController.h */,
				323B62F4225C82E200C47483 /* WGBezierPathViewController.m */,
				323B62F6225C834600C47483 /* WGCircleView.h */,
				323B62F7225C834600C47483 /* WGCircleView.m */,
				323B62F9225C837200C47483 /* WGCircleLayer.h */,
				323B62FA225C837200C47483 /* WGCircleLayer.m */,
			);
			path = "贝塞尔曲线";
			sourceTree = "<group>";
		};
		32BEB00F2126633500CDA0A7 = {
			isa = PBXGroup;
			children = (
				32BEB01A2126633500CDA0A7 /* WGAnimation */,
				32BEB0332126633700CDA0A7 /* WGAnimationTests */,
				32BEB03E2126633700CDA0A7 /* WGAnimationUITests */,
				32BEB0192126633500CDA0A7 /* Products */,
			);
			sourceTree = "<group>";
		};
		32BEB0192126633500CDA0A7 /* Products */ = {
			isa = PBXGroup;
			children = (
				32BEB0182126633500CDA0A7 /* WGAnimation.app */,
				32BEB0302126633700CDA0A7 /* WGAnimationTests.xctest */,
				32BEB03B2126633700CDA0A7 /* WGAnimationUITests.xctest */,
			);
			name = Products;
			sourceTree = "<group>";
		};
		32BEB01A2126633500CDA0A7 /* WGAnimation */ = {
			isa = PBXGroup;
			children = (
				323B62F2225C81A900C47483 /* 贝塞尔曲线 */,
				323B62F1225C7F6B00C47483 /* resources */,
				323B62F0225C7F2900C47483 /* tools */,
				323B62EF225C7EFC00C47483 /* main */,
				323B62EE225C7EDE00C47483 /* 扇形菜单 */,
				323B62ED225C7ECC00C47483 /* mask遮罩层 */,
				323B62EC225C7EB400C47483 /* 关键帧 */,
				323B62EB225C7E9E00C47483 /* 心跳 */,
				323B62EA225C7E8700C47483 /* 笑脸 */,
				323B62E9225C7E6800C47483 /* 平移旋转 */,
				323B62E8225C7E5300C47483 /* 绘制时钟 */,
				323B62E7225C7E1D00C47483 /* 概念学习 */,
			);
			path = WGAnimation;
			sourceTree = "<group>";
		};
		32BEB0332126633700CDA0A7 /* WGAnimationTests */ = {
			isa = PBXGroup;
			children = (
				32BEB0342126633700CDA0A7 /* WGAnimationTests.m */,
				32BEB0362126633700CDA0A7 /* Info.plist */,
			);
			path = WGAnimationTests;
			sourceTree = "<group>";
		};
		32BEB03E2126633700CDA0A7 /* WGAnimationUITests */ = {
			isa = PBXGroup;
			children = (
				32BEB03F2126633700CDA0A7 /* WGAnimationUITests.m */,
				32BEB0412126633700CDA0A7 /* Info.plist */,
			);
			path = WGAnimationUITests;
			sourceTree = "<group>";
		};
/* End PBXGroup section */

/* Begin PBXNativeTarget section */
		32BEB0172126633500CDA0A7 /* WGAnimation */ = {
			isa = PBXNativeTarget;
			buildConfigurationList = 32BEB0442126633700CDA0A7 /* Build configuration list for PBXNativeTarget "WGAnimation" */;
			buildPhases = (
				32BEB0142126633500CDA0A7 /* Sources */,
				32BEB0152126633500CDA0A7 /* Frameworks */,
				32BEB0162126633500CDA0A7 /* Resources */,
			);
			buildRules = (
			);
			dependencies = (
			);
			name = WGAnimation;
			productName = WGAnimation;
			productReference = 32BEB0182126633500CDA0A7 /* WGAnimation.app */;
			productType = "com.apple.product-type.application";
		};
		32BEB02F2126633700CDA0A7 /* WGAnimationTests */ = {
			isa = PBXNativeTarget;
			buildConfigurationList = 32BEB0472126633700CDA0A7 /* Build configuration list for PBXNativeTarget "WGAnimationTests" */;
			buildPhases = (
				32BEB02C2126633700CDA0A7 /* Sources */,
				32BEB02D2126633700CDA0A7 /* Frameworks */,
				32BEB02E2126633700CDA0A7 /* Resources */,
			);
			buildRules = (
			);
			dependencies = (
				32BEB0322126633700CDA0A7 /* PBXTargetDependency */,
			);
			name = WGAnimationTests;
			productName = WGAnimationTests;
			productReference = 32BEB0302126633700CDA0A7 /* WGAnimationTests.xctest */;
			productType = "com.apple.product-type.bundle.unit-test";
		};
		32BEB03A2126633700CDA0A7 /* WGAnimationUITests */ = {
			isa = PBXNativeTarget;
			buildConfigurationList = 32BEB04A2126633700CDA0A7 /* Build configuration list for PBXNativeTarget "WGAnimationUITests" */;
			buildPhases = (
				32BEB0372126633700CDA0A7 /* Sources */,
				32BEB0382126633700CDA0A7 /* Frameworks */,
				32BEB0392126633700CDA0A7 /* Resources */,
			);
			buildRules = (
			);
			dependencies = (
				32BEB03D2126633700CDA0A7 /* PBXTargetDependency */,
			);
			name = WGAnimationUITests;
			productName = WGAnimationUITests;
			productReference = 32BEB03B2126633700CDA0A7 /* WGAnimationUITests.xctest */;
			productType = "com.apple.product-type.bundle.ui-testing";
		};
/* End PBXNativeTarget section */

/* Begin PBXProject section */
		32BEB0102126633500CDA0A7 /* Project object */ = {
			isa = PBXProject;
			attributes = {
				CLASSPREFIX = WG;
				LastUpgradeCheck = 0940;
				ORGANIZATIONNAME = wanggang;
				TargetAttributes = {
					32BEB0172126633500CDA0A7 = {
						CreatedOnToolsVersion = 9.4;
					};
					32BEB02F2126633700CDA0A7 = {
						CreatedOnToolsVersion = 9.4;
						TestTargetID = 32BEB0172126633500CDA0A7;
					};
					32BEB03A2126633700CDA0A7 = {
						CreatedOnToolsVersion = 9.4;
						TestTargetID = 32BEB0172126633500CDA0A7;
					};
				};
			};
			buildConfigurationList = 32BEB0132126633500CDA0A7 /* Build configuration list for PBXProject "WGAnimation" */;
			compatibilityVersion = "Xcode 9.3";
			developmentRegion = en;
			hasScannedForEncodings = 0;
			knownRegions = (
				en,
				Base,
			);
			mainGroup = 32BEB00F2126633500CDA0A7;
			productRefGroup = 32BEB0192126633500CDA0A7 /* Products */;
			projectDirPath = "";
			projectRoot = "";
			targets = (
				32BEB0172126633500CDA0A7 /* WGAnimation */,
				32BEB02F2126633700CDA0A7 /* WGAnimationTests */,
				32BEB03A2126633700CDA0A7 /* WGAnimationUITests */,
			);
		};
/* End PBXProject section */

/* Begin PBXResourcesBuildPhase section */
		32BEB0162126633500CDA0A7 /* Resources */ = {
			isa = PBXResourcesBuildPhase;
			buildActionMask = 2147483647;
			files = (
				32BEB05D2126AABA00CDA0A7 /* clock.png in Resources */,
				32DCF2EC213D153C00F3826E /* logo.png in Resources */,
				32BEB0282126633700CDA0A7 /* LaunchScreen.storyboard in Resources */,
				32DCF2F3213D2FBF00F3826E /* feiji.png in Resources */,
				32DCF2DD213CCF6E00F3826E /* heart.jpeg in Resources */,
				32BEB0252126633700CDA0A7 /* Assets.xcassets in Resources */,
			);
			runOnlyForDeploymentPostprocessing = 0;
		};
		32BEB02E2126633700CDA0A7 /* Resources */ = {
			isa = PBXResourcesBuildPhase;
			buildActionMask = 2147483647;
			files = (
			);
			runOnlyForDeploymentPostprocessing = 0;
		};
		32BEB0392126633700CDA0A7 /* Resources */ = {
			isa = PBXResourcesBuildPhase;
			buildActionMask = 2147483647;
			files = (
			);
			runOnlyForDeploymentPostprocessing = 0;
		};
/* End PBXResourcesBuildPhase section */

/* Begin PBXSourcesBuildPhase section */
		32BEB0142126633500CDA0A7 /* Sources */ = {
			isa = PBXSourcesBuildPhase;
			buildActionMask = 2147483647;
			files = (
				323B62FB225C837200C47483 /* WGCircleLayer.m in Sources */,
				32BEB05B2126A7EC00CDA0A7 /* WGLearnConceptViewController.m in Sources */,
				32DCF2FE213D329800F3826E /* WGMenuViewController.m in Sources */,
				32DCF2EF213D159700F3826E /* WGMaskViewController.m in Sources */,
				32BEB0202126633500CDA0A7 /* ViewController.m in Sources */,
				323B62F8225C834600C47483 /* WGCircleView.m in Sources */,
				32BEB02B2126633700CDA0A7 /* main.m in Sources */,
				32DCF2FA213D323500F3826E /* HuMenuBtn.m in Sources */,
				32DCF2E0213CE10F00F3826E /* WGCAKeyframeAnimationViewController.m in Sources */,
				32BEB058212672C200CDA0A7 /* UIView+WGViewRect.m in Sources */,
				322757EA225D912D000E786E /* WGUISlider.m in Sources */,
				32DCF2FB213D323500F3826E /* HuMenuBtnView.m in Sources */,
				32B77E8A212AC3B100E4F714 /* WGHeartViewController.m in Sources */,
				32B77E87212ABAC200E4F714 /* WGSmileFaceViewController.m in Sources */,
				323B62F5225C82E200C47483 /* WGBezierPathViewController.m in Sources */,
				32BEB01D2126633500CDA0A7 /* AppDelegate.m in Sources */,
				32BEB05221266DB600CDA0A7 /* WGClockViewController.m in Sources */,
				32B77E84212A888300E4F714 /* WGTranslationViewController.m in Sources */,
			);
			runOnlyForDeploymentPostprocessing = 0;
		};
		32BEB02C2126633700CDA0A7 /* Sources */ = {
			isa = PBXSourcesBuildPhase;
			buildActionMask = 2147483647;
			files = (
				32BEB0352126633700CDA0A7 /* WGAnimationTests.m in Sources */,
			);
			runOnlyForDeploymentPostprocessing = 0;
		};
		32BEB0372126633700CDA0A7 /* Sources */ = {
			isa = PBXSourcesBuildPhase;
			buildActionMask = 2147483647;
			files = (
				32BEB0402126633700CDA0A7 /* WGAnimationUITests.m in Sources */,
			);
			runOnlyForDeploymentPostprocessing = 0;
		};
/* End PBXSourcesBuildPhase section */

/* Begin PBXTargetDependency section */
		32BEB0322126633700CDA0A7 /* PBXTargetDependency */ = {
			isa = PBXTargetDependency;
			target = 32BEB0172126633500CDA0A7 /* WGAnimation */;
			targetProxy = 32BEB0312126633700CDA0A7 /* PBXContainerItemProxy */;
		};
		32BEB03D2126633700CDA0A7 /* PBXTargetDependency */ = {
			isa = PBXTargetDependency;
			target = 32BEB0172126633500CDA0A7 /* WGAnimation */;
			targetProxy = 32BEB03C2126633700CDA0A7 /* PBXContainerItemProxy */;
		};
/* End PBXTargetDependency section */

/* Begin PBXVariantGroup section */
		32BEB0262126633700CDA0A7 /* LaunchScreen.storyboard */ = {
			isa = PBXVariantGroup;
			children = (
				32BEB0272126633700CDA0A7 /* Base */,
			);
			name = LaunchScreen.storyboard;
			sourceTree = "<group>";
		};
/* End PBXVariantGroup section */

/* Begin XCBuildConfiguration section */
		32BEB0422126633700CDA0A7 /* Debug */ = {
			isa = XCBuildConfiguration;
			buildSettings = {
				ALWAYS_SEARCH_USER_PATHS = NO;
				CLANG_ANALYZER_NONNULL = YES;
				CLANG_ANALYZER_NUMBER_OBJECT_CONVERSION = YES_AGGRESSIVE;
				CLANG_CXX_LANGUAGE_STANDARD = "gnu++14";
				CLANG_CXX_LIBRARY = "libc++";
				CLANG_ENABLE_MODULES = YES;
				CLANG_ENABLE_OBJC_ARC = YES;
				CLANG_ENABLE_OBJC_WEAK = YES;
				CLANG_WARN_BLOCK_CAPTURE_AUTORELEASING = YES;
				CLANG_WARN_BOOL_CONVERSION = YES;
				CLANG_WARN_COMMA = YES;
				CLANG_WARN_CONSTANT_CONVERSION = YES;
				CLANG_WARN_DEPRECATED_OBJC_IMPLEMENTATIONS = YES;
				CLANG_WARN_DIRECT_OBJC_ISA_USAGE = YES_ERROR;
				CLANG_WARN_DOCUMENTATION_COMMENTS = YES;
				CLANG_WARN_EMPTY_BODY = YES;
				CLANG_WARN_ENUM_CONVERSION = YES;
				CLANG_WARN_INFINITE_RECURSION = YES;
				CLANG_WARN_INT_CONVERSION = YES;
				CLANG_WARN_NON_LITERAL_NULL_CONVERSION = YES;
				CLANG_WARN_OBJC_IMPLICIT_RETAIN_SELF = YES;
				CLANG_WARN_OBJC_LITERAL_CONVERSION = YES;
				CLANG_WARN_OBJC_ROOT_CLASS = YES_ERROR;
				CLANG_WARN_RANGE_LOOP_ANALYSIS = YES;
				CLANG_WARN_STRICT_PROTOTYPES = YES;
				CLANG_WARN_SUSPICIOUS_MOVE = YES;
				CLANG_WARN_UNGUARDED_AVAILABILITY = YES_AGGRESSIVE;
				CLANG_WARN_UNREACHABLE_CODE = YES;
				CLANG_WARN__DUPLICATE_METHOD_MATCH = YES;
				CODE_SIGN_IDENTITY = "iPhone Developer";
				COPY_PHASE_STRIP = NO;
				DEBUG_INFORMATION_FORMAT = dwarf;
				ENABLE_STRICT_OBJC_MSGSEND = YES;
				ENABLE_TESTABILITY = YES;
				GCC_C_LANGUAGE_STANDARD = gnu11;
				GCC_DYNAMIC_NO_PIC = NO;
				GCC_NO_COMMON_BLOCKS = YES;
				GCC_OPTIMIZATION_LEVEL = 0;
				GCC_PREPROCESSOR_DEFINITIONS = (
					"DEBUG=1",
					"$(inherited)",
				);
				GCC_WARN_64_TO_32_BIT_CONVERSION = YES;
				GCC_WARN_ABOUT_RETURN_TYPE = YES_ERROR;
				GCC_WARN_UNDECLARED_SELECTOR = YES;
				GCC_WARN_UNINITIALIZED_AUTOS = YES_AGGRESSIVE;
				GCC_WARN_UNUSED_FUNCTION = YES;
				GCC_WARN_UNUSED_VARIABLE = YES;
				IPHONEOS_DEPLOYMENT_TARGET = 11.4;
				MTL_ENABLE_DEBUG_INFO = YES;
				ONLY_ACTIVE_ARCH = YES;
				SDKROOT = iphoneos;
			};
			name = Debug;
		};
		32BEB0432126633700CDA0A7 /* Release */ = {
			isa = XCBuildConfiguration;
			buildSettings = {
				ALWAYS_SEARCH_USER_PATHS = NO;
				CLANG_ANALYZER_NONNULL = YES;
				CLANG_ANALYZER_NUMBER_OBJECT_CONVERSION = YES_AGGRESSIVE;
				CLANG_CXX_LANGUAGE_STANDARD = "gnu++14";
				CLANG_CXX_LIBRARY = "libc++";
				CLANG_ENABLE_MODULES = YES;
				CLANG_ENABLE_OBJC_ARC = YES;
				CLANG_ENABLE_OBJC_WEAK = YES;
				CLANG_WARN_BLOCK_CAPTURE_AUTORELEASING = YES;
				CLANG_WARN_BOOL_CONVERSION = YES;
				CLANG_WARN_COMMA = YES;
				CLANG_WARN_CONSTANT_CONVERSION = YES;
				CLANG_WARN_DEPRECATED_OBJC_IMPLEMENTATIONS = YES;
				CLANG_WARN_DIRECT_OBJC_ISA_USAGE = YES_ERROR;
				CLANG_WARN_DOCUMENTATION_COMMENTS = YES;
				CLANG_WARN_EMPTY_BODY = YES;
				CLANG_WARN_ENUM_CONVERSION = YES;
				CLANG_WARN_INFINITE_RECURSION = YES;
				CLANG_WARN_INT_CONVERSION = YES;
				CLANG_WARN_NON_LITERAL_NULL_CONVERSION = YES;
				CLANG_WARN_OBJC_IMPLICIT_RETAIN_SELF = YES;
				CLANG_WARN_OBJC_LITERAL_CONVERSION = YES;
				CLANG_WARN_OBJC_ROOT_CLASS = YES_ERROR;
				CLANG_WARN_RANGE_LOOP_ANALYSIS = YES;
				CLANG_WARN_STRICT_PROTOTYPES = YES;
				CLANG_WARN_SUSPICIOUS_MOVE = YES;
				CLANG_WARN_UNGUARDED_AVAILABILITY = YES_AGGRESSIVE;
				CLANG_WARN_UNREACHABLE_CODE = YES;
				CLANG_WARN__DUPLICATE_METHOD_MATCH = YES;
				CODE_SIGN_IDENTITY = "iPhone Developer";
				COPY_PHASE_STRIP = NO;
				DEBUG_INFORMATION_FORMAT = "dwarf-with-dsym";
				ENABLE_NS_ASSERTIONS = NO;
				ENABLE_STRICT_OBJC_MSGSEND = YES;
				GCC_C_LANGUAGE_STANDARD = gnu11;
				GCC_NO_COMMON_BLOCKS = YES;
				GCC_WARN_64_TO_32_BIT_CONVERSION = YES;
				GCC_WARN_ABOUT_RETURN_TYPE = YES_ERROR;
				GCC_WARN_UNDECLARED_SELECTOR = YES;
				GCC_WARN_UNINITIALIZED_AUTOS = YES_AGGRESSIVE;
				GCC_WARN_UNUSED_FUNCTION = YES;
				GCC_WARN_UNUSED_VARIABLE = YES;
				IPHONEOS_DEPLOYMENT_TARGET = 11.4;
				MTL_ENABLE_DEBUG_INFO = NO;
				SDKROOT = iphoneos;
				VALIDATE_PRODUCT = YES;
			};
			name = Release;
		};
		32BEB0452126633700CDA0A7 /* Debug */ = {
			isa = XCBuildConfiguration;
			buildSettings = {
				ASSETCATALOG_COMPILER_APPICON_NAME = AppIcon;
				CLANG_WARN_OBJC_IMPLICIT_RETAIN_SELF = NO;
				CODE_SIGN_STYLE = Automatic;
				DEVELOPMENT_TEAM = 49T87S5RLN;
				ENABLE_STRICT_OBJC_MSGSEND = NO;
				GCC_PRECOMPILE_PREFIX_HEADER = YES;
				GCC_PREFIX_HEADER = WGAnimation/main/WGAnimation.pch;
				INFOPLIST_FILE = WGAnimation/main/Info.plist;
				IPHONEOS_DEPLOYMENT_TARGET = 10.0;
				LD_RUNPATH_SEARCH_PATHS = (
					"$(inherited)",
					"@executable_path/Frameworks",
				);
				PRODUCT_BUNDLE_IDENTIFIER = com.wanggang.WGAnimation;
				PRODUCT_NAME = "$(TARGET_NAME)";
				TARGETED_DEVICE_FAMILY = "1,2";
			};
			name = Debug;
		};
		32BEB0462126633700CDA0A7 /* Release */ = {
			isa = XCBuildConfiguration;
			buildSettings = {
				ASSETCATALOG_COMPILER_APPICON_NAME = AppIcon;
				CLANG_WARN_OBJC_IMPLICIT_RETAIN_SELF = NO;
				CODE_SIGN_STYLE = Automatic;
				DEVELOPMENT_TEAM = 49T87S5RLN;
				ENABLE_STRICT_OBJC_MSGSEND = NO;
				GCC_PRECOMPILE_PREFIX_HEADER = YES;
				GCC_PREFIX_HEADER = WGAnimation/main/WGAnimation.pch;
				INFOPLIST_FILE = WGAnimation/main/Info.plist;
				IPHONEOS_DEPLOYMENT_TARGET = 10.0;
				LD_RUNPATH_SEARCH_PATHS = (
					"$(inherited)",
					"@executable_path/Frameworks",
				);
				PRODUCT_BUNDLE_IDENTIFIER = com.wanggang.WGAnimation;
				PRODUCT_NAME = "$(TARGET_NAME)";
				TARGETED_DEVICE_FAMILY = "1,2";
			};
			name = Release;
		};
		32BEB0482126633700CDA0A7 /* Debug */ = {
			isa = XCBuildConfiguration;
			buildSettings = {
				BUNDLE_LOADER = "$(TEST_HOST)";
				CODE_SIGN_STYLE = Automatic;
				DEVELOPMENT_TEAM = 49T87S5RLN;
				INFOPLIST_FILE = WGAnimationTests/Info.plist;
				LD_RUNPATH_SEARCH_PATHS = (
					"$(inherited)",
					"@executable_path/Frameworks",
					"@loader_path/Frameworks",
				);
				PRODUCT_BUNDLE_IDENTIFIER = com.wanggang.WGAnimationTests;
				PRODUCT_NAME = "$(TARGET_NAME)";
				TARGETED_DEVICE_FAMILY = "1,2";
				TEST_HOST = "$(BUILT_PRODUCTS_DIR)/WGAnimation.app/WGAnimation";
			};
			name = Debug;
		};
		32BEB0492126633700CDA0A7 /* Release */ = {
			isa = XCBuildConfiguration;
			buildSettings = {
				BUNDLE_LOADER = "$(TEST_HOST)";
				CODE_SIGN_STYLE = Automatic;
				DEVELOPMENT_TEAM = 49T87S5RLN;
				INFOPLIST_FILE = WGAnimationTests/Info.plist;
				LD_RUNPATH_SEARCH_PATHS = (
					"$(inherited)",
					"@executable_path/Frameworks",
					"@loader_path/Frameworks",
				);
				PRODUCT_BUNDLE_IDENTIFIER = com.wanggang.WGAnimationTests;
				PRODUCT_NAME = "$(TARGET_NAME)";
				TARGETED_DEVICE_FAMILY = "1,2";
				TEST_HOST = "$(BUILT_PRODUCTS_DIR)/WGAnimation.app/WGAnimation";
			};
			name = Release;
		};
		32BEB04B2126633700CDA0A7 /* Debug */ = {
			isa = XCBuildConfiguration;
			buildSettings = {
				CODE_SIGN_STYLE = Automatic;
				DEVELOPMENT_TEAM = 49T87S5RLN;
				INFOPLIST_FILE = WGAnimationUITests/Info.plist;
				LD_RUNPATH_SEARCH_PATHS = (
					"$(inherited)",
					"@executable_path/Frameworks",
					"@loader_path/Frameworks",
				);
				PRODUCT_BUNDLE_IDENTIFIER = com.wanggang.WGAnimationUITests;
				PRODUCT_NAME = "$(TARGET_NAME)";
				TARGETED_DEVICE_FAMILY = "1,2";
				TEST_TARGET_NAME = WGAnimation;
			};
			name = Debug;
		};
		32BEB04C2126633700CDA0A7 /* Release */ = {
			isa = XCBuildConfiguration;
			buildSettings = {
				CODE_SIGN_STYLE = Automatic;
				DEVELOPMENT_TEAM = 49T87S5RLN;
				INFOPLIST_FILE = WGAnimationUITests/Info.plist;
				LD_RUNPATH_SEARCH_PATHS = (
					"$(inherited)",
					"@executable_path/Frameworks",
					"@loader_path/Frameworks",
				);
				PRODUCT_BUNDLE_IDENTIFIER = com.wanggang.WGAnimationUITests;
				PRODUCT_NAME = "$(TARGET_NAME)";
				TARGETED_DEVICE_FAMILY = "1,2";
				TEST_TARGET_NAME = WGAnimation;
			};
			name = Release;
		};
/* End XCBuildConfiguration section */

/* Begin XCConfigurationList section */
		32BEB0132126633500CDA0A7 /* Build configuration list for PBXProject "WGAnimation" */ = {
			isa = XCConfigurationList;
			buildConfigurations = (
				32BEB0422126633700CDA0A7 /* Debug */,
				32BEB0432126633700CDA0A7 /* Release */,
			);
			defaultConfigurationIsVisible = 0;
			defaultConfigurationName = Release;
		};
		32BEB0442126633700CDA0A7 /* Build configuration list for PBXNativeTarget "WGAnimation" */ = {
			isa = XCConfigurationList;
			buildConfigurations = (
				32BEB0452126633700CDA0A7 /* Debug */,
				32BEB0462126633700CDA0A7 /* Release */,
			);
			defaultConfigurationIsVisible = 0;
			defaultConfigurationName = Release;
		};
		32BEB0472126633700CDA0A7 /* Build configuration list for PBXNativeTarget "WGAnimationTests" */ = {
			isa = XCConfigurationList;
			buildConfigurations = (
				32BEB0482126633700CDA0A7 /* Debug */,
				32BEB0492126633700CDA0A7 /* Release */,
			);
			defaultConfigurationIsVisible = 0;
			defaultConfigurationName = Release;
		};
		32BEB04A2126633700CDA0A7 /* Build configuration list for PBXNativeTarget "WGAnimationUITests" */ = {
			isa = XCConfigurationList;
			buildConfigurations = (
				32BEB04B2126633700CDA0A7 /* Debug */,
				32BEB04C2126633700CDA0A7 /* Release */,
			);
			defaultConfigurationIsVisible = 0;
			defaultConfigurationName = Release;
		};
/* End XCConfigurationList section */
	};
	rootObject = 32BEB0102126633500CDA0A7 /* Project object */;
}
